// !$*UTF8*$!
{
	archiveVersion = 1;
	classes = {
	};
	objectVersion = 48;
	objects = {

/* Begin PBXBuildFile section */
		7706409C2028D17F0031BD32 /* EventModelTests.swift in Sources */ = {isa = PBXBuildFile; fileRef = 7706409B2028D17F0031BD32 /* EventModelTests.swift */; };
		7706409E2028F8460031BD32 /* spineboy-pro.json in Resources */ = {isa = PBXBuildFile; fileRef = 7706409D2028F8460031BD32 /* spineboy-pro.json */; };
		770640A02028F86C0031BD32 /* SpineModelTests.swift in Sources */ = {isa = PBXBuildFile; fileRef = 7706409F2028F86C0031BD32 /* SpineModelTests.swift */; };
		770D466B203CADC60046092C /* Skeleton+Skins.swift in Sources */ = {isa = PBXBuildFile; fileRef = 770D466A203CADC60046092C /* Skeleton+Skins.swift */; };
		770D466D203CC6BE0046092C /* SKAction+Spine.swift in Sources */ = {isa = PBXBuildFile; fileRef = 770D466C203CC6BE0046092C /* SKAction+Spine.swift */; };
		773E8FDE2024ED4B009E38BD /* BoneKeyframeRotateModelTests.swift in Sources */ = {isa = PBXBuildFile; fileRef = 773E8FDD2024ED4B009E38BD /* BoneKeyframeRotateModelTests.swift */; };
		773E8FE02024EDF8009E38BD /* BoneKeyframeTranslateModelTests.swift in Sources */ = {isa = PBXBuildFile; fileRef = 773E8FDF2024EDF8009E38BD /* BoneKeyframeTranslateModelTests.swift */; };
		773E8FE22024F04D009E38BD /* BoneKeyframeScaleModelTests.swift in Sources */ = {isa = PBXBuildFile; fileRef = 773E8FE12024F04D009E38BD /* BoneKeyframeScaleModelTests.swift */; };
		773E8FE42024F1F4009E38BD /* BoneKeyframeShearModelTests.swift in Sources */ = {isa = PBXBuildFile; fileRef = 773E8FE32024F1F4009E38BD /* BoneKeyframeShearModelTests.swift */; };
		773E8FE62024F46A009E38BD /* SlotKeyframeAttachmentModelTests.swift in Sources */ = {isa = PBXBuildFile; fileRef = 773E8FE52024F46A009E38BD /* SlotKeyframeAttachmentModelTests.swift */; };
		773E8FE82024F545009E38BD /* SlotKeyframeColorModelTests.swift in Sources */ = {isa = PBXBuildFile; fileRef = 773E8FE72024F545009E38BD /* SlotKeyframeColorModelTests.swift */; };
		773E8FEA2024F707009E38BD /* IKConstraintKeyframeModelTests.swift in Sources */ = {isa = PBXBuildFile; fileRef = 773E8FE92024F707009E38BD /* IKConstraintKeyframeModelTests.swift */; };
		773E8FEE2024F856009E38BD /* TransformConstraintKeyframeModelTests.swift in Sources */ = {isa = PBXBuildFile; fileRef = 773E8FED2024F856009E38BD /* TransformConstraintKeyframeModelTests.swift */; };
		773E8FF02024F9B2009E38BD /* DeformKeyframeModelTests.swift in Sources */ = {isa = PBXBuildFile; fileRef = 773E8FEF2024F9B2009E38BD /* DeformKeyframeModelTests.swift */; };
		773E8FF22024FAD9009E38BD /* EventKeyfarameModelTests.swift in Sources */ = {isa = PBXBuildFile; fileRef = 773E8FF12024FAD8009E38BD /* EventKeyfarameModelTests.swift */; };
		773E8FF42024FC2A009E38BD /* DrawOrderKeyframeModelTests.swift in Sources */ = {isa = PBXBuildFile; fileRef = 773E8FF32024FC2A009E38BD /* DrawOrderKeyframeModelTests.swift */; };
		773E8FF62024FE2D009E38BD /* EventModel.swift in Sources */ = {isa = PBXBuildFile; fileRef = 773E8FF52024FE2D009E38BD /* EventModel.swift */; };
		77404ED3201BD8E500E51CF5 /* SpineModel.swift in Sources */ = {isa = PBXBuildFile; fileRef = 77404ED2201BD8E500E51CF5 /* SpineModel.swift */; };
		77450355203C71AA00BED2D9 /* CGPathExtensionTests.swift in Sources */ = {isa = PBXBuildFile; fileRef = 77450354203C71AA00BED2D9 /* CGPathExtensionTests.swift */; };
		77450358203C745B00BED2D9 /* ColorTests.swift in Sources */ = {isa = PBXBuildFile; fileRef = 77450357203C745B00BED2D9 /* ColorTests.swift */; };
		7745035A203C76A500BED2D9 /* BoneTests.swift in Sources */ = {isa = PBXBuildFile; fileRef = 77450359203C76A500BED2D9 /* BoneTests.swift */; };
		7745035C203CAA8C00BED2D9 /* Skeleton+Atlases.swift in Sources */ = {isa = PBXBuildFile; fileRef = 7745035B203CAA8C00BED2D9 /* Skeleton+Atlases.swift */; };
		7745035E203CAB4200BED2D9 /* Skeleton+Physics.swift in Sources */ = {isa = PBXBuildFile; fileRef = 7745035D203CAB4200BED2D9 /* Skeleton+Physics.swift */; };
		77450360203CAC6900BED2D9 /* Skeleton+Animations.swift in Sources */ = {isa = PBXBuildFile; fileRef = 7745035F203CAC6900BED2D9 /* Skeleton+Animations.swift */; };
		774D0C90203CD62900EC5156 /* Skeleton+Defaultable.swift in Sources */ = {isa = PBXBuildFile; fileRef = 774D0C8F203CD62900EC5156 /* Skeleton+Defaultable.swift */; };
		774D0C92203D95A200EC5156 /* Skeleton+Points.swift in Sources */ = {isa = PBXBuildFile; fileRef = 774D0C91203D95A200EC5156 /* Skeleton+Points.swift */; };
		774D0C94203DA53400EC5156 /* Skeleton+PointsTests.swift in Sources */ = {isa = PBXBuildFile; fileRef = 774D0C93203DA53400EC5156 /* Skeleton+PointsTests.swift */; };
		7755D4242020F14D005275DA /* SkinModelsTests.swift in Sources */ = {isa = PBXBuildFile; fileRef = 7755D4232020F14D005275DA /* SkinModelsTests.swift */; };
		775D969420336DCC00137B38 /* BezierCurveSolver.swift in Sources */ = {isa = PBXBuildFile; fileRef = 775D969320336DCC00137B38 /* BezierCurveSolver.swift */; };
		776656E3202B9D3A00750189 /* Attachment.swift in Sources */ = {isa = PBXBuildFile; fileRef = 776656E2202B9D3A00750189 /* Attachment.swift */; };
		776656E7202BADBB00750189 /* Skin.swift in Sources */ = {isa = PBXBuildFile; fileRef = 776656E6202BADBB00750189 /* Skin.swift */; };
		77689E5C203EE2A3002E0FDB /* Spine.framework in Frameworks */ = {isa = PBXBuildFile; fileRef = 77689E53203EE2A3002E0FDB /* Spine.framework */; };
		77689E63203EE2A3002E0FDB /* Spine_macOS.h in Headers */ = {isa = PBXBuildFile; fileRef = 77689E55203EE2A3002E0FDB /* Spine_macOS.h */; settings = {ATTRIBUTES = (Public, ); }; };
		77689E6B203EE2C5002E0FDB /* Skeleton.swift in Sources */ = {isa = PBXBuildFile; fileRef = 77DBA2A6202A19D900D35306 /* Skeleton.swift */; };
		77689E6C203EE2C8002E0FDB /* Bone.swift in Sources */ = {isa = PBXBuildFile; fileRef = 77E6FFB52029C8510078923C /* Bone.swift */; };
		77689E6D203EE2D2002E0FDB /* Slot.swift in Sources */ = {isa = PBXBuildFile; fileRef = 77E05F39202B8530003AFD42 /* Slot.swift */; };
		77689E6E203EE2D5002E0FDB /* Skin.swift in Sources */ = {isa = PBXBuildFile; fileRef = 776656E6202BADBB00750189 /* Skin.swift */; };
		77689E6F203EE2D8002E0FDB /* Attachment.swift in Sources */ = {isa = PBXBuildFile; fileRef = 776656E2202B9D3A00750189 /* Attachment.swift */; };
		77689E70203EE2DB002E0FDB /* Animation.swift in Sources */ = {isa = PBXBuildFile; fileRef = 77DBA2A8202A1FE400D35306 /* Animation.swift */; };
		77689E71203EE2E0002E0FDB /* SpineModel.swift in Sources */ = {isa = PBXBuildFile; fileRef = 77404ED2201BD8E500E51CF5 /* SpineModel.swift */; };
		77689E72203EE2E0002E0FDB /* SkeletonModel.swift in Sources */ = {isa = PBXBuildFile; fileRef = 779AC335201B49B900C33B79 /* SkeletonModel.swift */; };
		77689E73203EE2E0002E0FDB /* ConstraintsModels.swift in Sources */ = {isa = PBXBuildFile; fileRef = 779AC339201B4A8A00C33B79 /* ConstraintsModels.swift */; };
		77689E74203EE2E0002E0FDB /* SkinModels.swift in Sources */ = {isa = PBXBuildFile; fileRef = 779AC33F201B4BC200C33B79 /* SkinModels.swift */; };
		77689E75203EE2E0002E0FDB /* EventModel.swift in Sources */ = {isa = PBXBuildFile; fileRef = 773E8FF52024FE2D009E38BD /* EventModel.swift */; };
		77689E76203EE2E0002E0FDB /* AnimationModels.swift in Sources */ = {isa = PBXBuildFile; fileRef = 779AC343201B4C4D00C33B79 /* AnimationModels.swift */; };
		77689E77203EE2EA002E0FDB /* Prefixable.swift in Sources */ = {isa = PBXBuildFile; fileRef = 77E5A8C6202CED6F00ACDC0D /* Prefixable.swift */; };
		77689E78203EE2EA002E0FDB /* Defaultable.swift in Sources */ = {isa = PBXBuildFile; fileRef = 77F75104203760050065AECE /* Defaultable.swift */; };
		77689E79203EE2EF002E0FDB /* Color.swift in Sources */ = {isa = PBXBuildFile; fileRef = 77869DE82037856F00404AC8 /* Color.swift */; };
		77689E7A203EE2EF002E0FDB /* BezierCurveSolver.swift in Sources */ = {isa = PBXBuildFile; fileRef = 775D969320336DCC00137B38 /* BezierCurveSolver.swift */; };
		77689E7B203EE2FA002E0FDB /* Skeleton+Atlases.swift in Sources */ = {isa = PBXBuildFile; fileRef = 7745035B203CAA8C00BED2D9 /* Skeleton+Atlases.swift */; };
		77689E7C203EE2FA002E0FDB /* Skeleton+Physics.swift in Sources */ = {isa = PBXBuildFile; fileRef = 7745035D203CAB4200BED2D9 /* Skeleton+Physics.swift */; };
		77689E7D203EE2FA002E0FDB /* Skeleton+Animations.swift in Sources */ = {isa = PBXBuildFile; fileRef = 7745035F203CAC6900BED2D9 /* Skeleton+Animations.swift */; };
		77689E7E203EE2FA002E0FDB /* Skeleton+Skins.swift in Sources */ = {isa = PBXBuildFile; fileRef = 770D466A203CADC60046092C /* Skeleton+Skins.swift */; };
		77689E7F203EE2FA002E0FDB /* Skeleton+Points.swift in Sources */ = {isa = PBXBuildFile; fileRef = 774D0C91203D95A200EC5156 /* Skeleton+Points.swift */; };
		77689E80203EE2FA002E0FDB /* Skeleton+Defaultable.swift in Sources */ = {isa = PBXBuildFile; fileRef = 774D0C8F203CD62900EC5156 /* Skeleton+Defaultable.swift */; };
		77689E81203EE2FA002E0FDB /* CGPath+Spine.swift in Sources */ = {isa = PBXBuildFile; fileRef = 77869DEF20386A8D00404AC8 /* CGPath+Spine.swift */; };
		77689E82203EE2FA002E0FDB /* SKAction+Spine.swift in Sources */ = {isa = PBXBuildFile; fileRef = 770D466C203CC6BE0046092C /* SKAction+Spine.swift */; };
		77689E83203EE307002E0FDB /* AnimationTests.swift in Sources */ = {isa = PBXBuildFile; fileRef = 779B7140202E4D060031DD4F /* AnimationTests.swift */; };
		77689E84203EE307002E0FDB /* SkinTests.swift in Sources */ = {isa = PBXBuildFile; fileRef = 77E5A8C4202CDFC000ACDC0D /* SkinTests.swift */; };
		77689E85203EE307002E0FDB /* BoneTests.swift in Sources */ = {isa = PBXBuildFile; fileRef = 77450359203C76A500BED2D9 /* BoneTests.swift */; };
		77689E86203EE30E002E0FDB /* SpineModelTests.swift in Sources */ = {isa = PBXBuildFile; fileRef = 7706409F2028F86C0031BD32 /* SpineModelTests.swift */; };
		77689E87203EE30E002E0FDB /* SkeletonModelTests.swift in Sources */ = {isa = PBXBuildFile; fileRef = 779AC345201BC28900C33B79 /* SkeletonModelTests.swift */; };
		77689E88203EE30E002E0FDB /* ConstraintsModelsTests.swift in Sources */ = {isa = PBXBuildFile; fileRef = 776912F3201F9A2B00DE909F /* ConstraintsModelsTests.swift */; };
		77689E89203EE30E002E0FDB /* SkinModelsTests.swift in Sources */ = {isa = PBXBuildFile; fileRef = 7755D4232020F14D005275DA /* SkinModelsTests.swift */; };
		77689E8A203EE30E002E0FDB /* EventModelTests.swift in Sources */ = {isa = PBXBuildFile; fileRef = 7706409B2028D17F0031BD32 /* EventModelTests.swift */; };
		77689E8B203EE30E002E0FDB /* AnimationModelsTests.swift in Sources */ = {isa = PBXBuildFile; fileRef = 77880A412024BB50004DC555 /* AnimationModelsTests.swift */; };
		77689E8C203EE30E002E0FDB /* ColorModelTets.swift in Sources */ = {isa = PBXBuildFile; fileRef = 77E6FFB72029D2110078923C /* ColorModelTets.swift */; };
		77689E8D203EE314002E0FDB /* BoneKeyframeRotateModelTests.swift in Sources */ = {isa = PBXBuildFile; fileRef = 773E8FDD2024ED4B009E38BD /* BoneKeyframeRotateModelTests.swift */; };
		77689E8E203EE314002E0FDB /* BoneKeyframeTranslateModelTests.swift in Sources */ = {isa = PBXBuildFile; fileRef = 773E8FDF2024EDF8009E38BD /* BoneKeyframeTranslateModelTests.swift */; };
		77689E8F203EE314002E0FDB /* BoneKeyframeScaleModelTests.swift in Sources */ = {isa = PBXBuildFile; fileRef = 773E8FE12024F04D009E38BD /* BoneKeyframeScaleModelTests.swift */; };
		77689E90203EE314002E0FDB /* BoneKeyframeShearModelTests.swift in Sources */ = {isa = PBXBuildFile; fileRef = 773E8FE32024F1F4009E38BD /* BoneKeyframeShearModelTests.swift */; };
		77689E91203EE314002E0FDB /* SlotKeyframeAttachmentModelTests.swift in Sources */ = {isa = PBXBuildFile; fileRef = 773E8FE52024F46A009E38BD /* SlotKeyframeAttachmentModelTests.swift */; };
		77689E92203EE314002E0FDB /* SlotKeyframeColorModelTests.swift in Sources */ = {isa = PBXBuildFile; fileRef = 773E8FE72024F545009E38BD /* SlotKeyframeColorModelTests.swift */; };
		77689E93203EE314002E0FDB /* IKConstraintKeyframeModelTests.swift in Sources */ = {isa = PBXBuildFile; fileRef = 773E8FE92024F707009E38BD /* IKConstraintKeyframeModelTests.swift */; };
		77689E94203EE314002E0FDB /* TransformConstraintKeyframeModelTests.swift in Sources */ = {isa = PBXBuildFile; fileRef = 773E8FED2024F856009E38BD /* TransformConstraintKeyframeModelTests.swift */; };
		77689E95203EE314002E0FDB /* DeformKeyframeModelTests.swift in Sources */ = {isa = PBXBuildFile; fileRef = 773E8FEF2024F9B2009E38BD /* DeformKeyframeModelTests.swift */; };
		77689E96203EE314002E0FDB /* EventKeyfarameModelTests.swift in Sources */ = {isa = PBXBuildFile; fileRef = 773E8FF12024FAD8009E38BD /* EventKeyfarameModelTests.swift */; };
		77689E98203EE31D002E0FDB /* ColorTests.swift in Sources */ = {isa = PBXBuildFile; fileRef = 77450357203C745B00BED2D9 /* ColorTests.swift */; };
		77689E99203EE323002E0FDB /* CGPathExtensionTests.swift in Sources */ = {isa = PBXBuildFile; fileRef = 77450354203C71AA00BED2D9 /* CGPathExtensionTests.swift */; };
		77689E9A203EE323002E0FDB /* Skeleton+PointsTests.swift in Sources */ = {isa = PBXBuildFile; fileRef = 774D0C93203DA53400EC5156 /* Skeleton+PointsTests.swift */; };
		77689E9B203EE328002E0FDB /* spineboy-pro.json in Resources */ = {isa = PBXBuildFile; fileRef = 7706409D2028F8460031BD32 /* spineboy-pro.json */; };
		77689E9C203EE625002E0FDB /* DrawOrderKeyframeModelTests.swift in Sources */ = {isa = PBXBuildFile; fileRef = 773E8FF32024FC2A009E38BD /* DrawOrderKeyframeModelTests.swift */; };
		77689EAB203EE994002E0FDB /* Spine.framework in Frameworks */ = {isa = PBXBuildFile; fileRef = 77689EA2203EE993002E0FDB /* Spine.framework */; };
		77689EB2203EE994002E0FDB /* Spine_tvOS.h in Headers */ = {isa = PBXBuildFile; fileRef = 77689EA4203EE993002E0FDB /* Spine_tvOS.h */; settings = {ATTRIBUTES = (Public, ); }; };
		77689EB9203EE9B9002E0FDB /* Skeleton.swift in Sources */ = {isa = PBXBuildFile; fileRef = 77DBA2A6202A19D900D35306 /* Skeleton.swift */; };
		77689EBA203EE9B9002E0FDB /* Bone.swift in Sources */ = {isa = PBXBuildFile; fileRef = 77E6FFB52029C8510078923C /* Bone.swift */; };
		77689EBB203EE9B9002E0FDB /* Slot.swift in Sources */ = {isa = PBXBuildFile; fileRef = 77E05F39202B8530003AFD42 /* Slot.swift */; };
		77689EBC203EE9B9002E0FDB /* Skin.swift in Sources */ = {isa = PBXBuildFile; fileRef = 776656E6202BADBB00750189 /* Skin.swift */; };
		77689EBD203EE9B9002E0FDB /* Attachment.swift in Sources */ = {isa = PBXBuildFile; fileRef = 776656E2202B9D3A00750189 /* Attachment.swift */; };
		77689EBE203EE9B9002E0FDB /* Animation.swift in Sources */ = {isa = PBXBuildFile; fileRef = 77DBA2A8202A1FE400D35306 /* Animation.swift */; };
		77689EBF203EE9BD002E0FDB /* SpineModel.swift in Sources */ = {isa = PBXBuildFile; fileRef = 77404ED2201BD8E500E51CF5 /* SpineModel.swift */; };
		77689EC0203EE9BD002E0FDB /* SkeletonModel.swift in Sources */ = {isa = PBXBuildFile; fileRef = 779AC335201B49B900C33B79 /* SkeletonModel.swift */; };
		77689EC1203EE9BD002E0FDB /* ConstraintsModels.swift in Sources */ = {isa = PBXBuildFile; fileRef = 779AC339201B4A8A00C33B79 /* ConstraintsModels.swift */; };
		77689EC2203EE9BD002E0FDB /* SkinModels.swift in Sources */ = {isa = PBXBuildFile; fileRef = 779AC33F201B4BC200C33B79 /* SkinModels.swift */; };
		77689EC3203EE9BD002E0FDB /* EventModel.swift in Sources */ = {isa = PBXBuildFile; fileRef = 773E8FF52024FE2D009E38BD /* EventModel.swift */; };
		77689EC4203EE9BD002E0FDB /* AnimationModels.swift in Sources */ = {isa = PBXBuildFile; fileRef = 779AC343201B4C4D00C33B79 /* AnimationModels.swift */; };
		77689EC5203EE9C1002E0FDB /* Prefixable.swift in Sources */ = {isa = PBXBuildFile; fileRef = 77E5A8C6202CED6F00ACDC0D /* Prefixable.swift */; };
		77689EC6203EE9C1002E0FDB /* Defaultable.swift in Sources */ = {isa = PBXBuildFile; fileRef = 77F75104203760050065AECE /* Defaultable.swift */; };
		77689EC7203EE9C4002E0FDB /* Color.swift in Sources */ = {isa = PBXBuildFile; fileRef = 77869DE82037856F00404AC8 /* Color.swift */; };
		77689EC8203EE9C4002E0FDB /* BezierCurveSolver.swift in Sources */ = {isa = PBXBuildFile; fileRef = 775D969320336DCC00137B38 /* BezierCurveSolver.swift */; };
		77689EC9203EE9C8002E0FDB /* Skeleton+Atlases.swift in Sources */ = {isa = PBXBuildFile; fileRef = 7745035B203CAA8C00BED2D9 /* Skeleton+Atlases.swift */; };
		77689ECA203EE9C8002E0FDB /* Skeleton+Physics.swift in Sources */ = {isa = PBXBuildFile; fileRef = 7745035D203CAB4200BED2D9 /* Skeleton+Physics.swift */; };
		77689ECB203EE9C8002E0FDB /* Skeleton+Animations.swift in Sources */ = {isa = PBXBuildFile; fileRef = 7745035F203CAC6900BED2D9 /* Skeleton+Animations.swift */; };
		77689ECC203EE9C8002E0FDB /* Skeleton+Skins.swift in Sources */ = {isa = PBXBuildFile; fileRef = 770D466A203CADC60046092C /* Skeleton+Skins.swift */; };
		77689ECD203EE9C8002E0FDB /* Skeleton+Points.swift in Sources */ = {isa = PBXBuildFile; fileRef = 774D0C91203D95A200EC5156 /* Skeleton+Points.swift */; };
		77689ECE203EE9C8002E0FDB /* Skeleton+Defaultable.swift in Sources */ = {isa = PBXBuildFile; fileRef = 774D0C8F203CD62900EC5156 /* Skeleton+Defaultable.swift */; };
		77689ECF203EE9C8002E0FDB /* CGPath+Spine.swift in Sources */ = {isa = PBXBuildFile; fileRef = 77869DEF20386A8D00404AC8 /* CGPath+Spine.swift */; };
		77689ED0203EE9C8002E0FDB /* SKAction+Spine.swift in Sources */ = {isa = PBXBuildFile; fileRef = 770D466C203CC6BE0046092C /* SKAction+Spine.swift */; };
		77689ED1203EE9D1002E0FDB /* AnimationTests.swift in Sources */ = {isa = PBXBuildFile; fileRef = 779B7140202E4D060031DD4F /* AnimationTests.swift */; };
		77689ED2203EE9D1002E0FDB /* SkinTests.swift in Sources */ = {isa = PBXBuildFile; fileRef = 77E5A8C4202CDFC000ACDC0D /* SkinTests.swift */; };
		77689ED3203EE9D1002E0FDB /* BoneTests.swift in Sources */ = {isa = PBXBuildFile; fileRef = 77450359203C76A500BED2D9 /* BoneTests.swift */; };
		77689ED4203EE9D7002E0FDB /* SpineModelTests.swift in Sources */ = {isa = PBXBuildFile; fileRef = 7706409F2028F86C0031BD32 /* SpineModelTests.swift */; };
		77689ED5203EE9D7002E0FDB /* SkeletonModelTests.swift in Sources */ = {isa = PBXBuildFile; fileRef = 779AC345201BC28900C33B79 /* SkeletonModelTests.swift */; };
		77689ED6203EE9D7002E0FDB /* ConstraintsModelsTests.swift in Sources */ = {isa = PBXBuildFile; fileRef = 776912F3201F9A2B00DE909F /* ConstraintsModelsTests.swift */; };
		77689ED7203EE9D7002E0FDB /* SkinModelsTests.swift in Sources */ = {isa = PBXBuildFile; fileRef = 7755D4232020F14D005275DA /* SkinModelsTests.swift */; };
		77689ED8203EE9D7002E0FDB /* EventModelTests.swift in Sources */ = {isa = PBXBuildFile; fileRef = 7706409B2028D17F0031BD32 /* EventModelTests.swift */; };
		77689ED9203EE9D7002E0FDB /* AnimationModelsTests.swift in Sources */ = {isa = PBXBuildFile; fileRef = 77880A412024BB50004DC555 /* AnimationModelsTests.swift */; };
		77689EDA203EE9D7002E0FDB /* ColorModelTets.swift in Sources */ = {isa = PBXBuildFile; fileRef = 77E6FFB72029D2110078923C /* ColorModelTets.swift */; };
		77689EDB203EE9DD002E0FDB /* BoneKeyframeRotateModelTests.swift in Sources */ = {isa = PBXBuildFile; fileRef = 773E8FDD2024ED4B009E38BD /* BoneKeyframeRotateModelTests.swift */; };
		77689EDC203EE9DD002E0FDB /* BoneKeyframeTranslateModelTests.swift in Sources */ = {isa = PBXBuildFile; fileRef = 773E8FDF2024EDF8009E38BD /* BoneKeyframeTranslateModelTests.swift */; };
		77689EDD203EE9DD002E0FDB /* BoneKeyframeScaleModelTests.swift in Sources */ = {isa = PBXBuildFile; fileRef = 773E8FE12024F04D009E38BD /* BoneKeyframeScaleModelTests.swift */; };
		77689EDE203EE9DD002E0FDB /* BoneKeyframeShearModelTests.swift in Sources */ = {isa = PBXBuildFile; fileRef = 773E8FE32024F1F4009E38BD /* BoneKeyframeShearModelTests.swift */; };
		77689EDF203EE9DD002E0FDB /* SlotKeyframeAttachmentModelTests.swift in Sources */ = {isa = PBXBuildFile; fileRef = 773E8FE52024F46A009E38BD /* SlotKeyframeAttachmentModelTests.swift */; };
		77689EE0203EE9DD002E0FDB /* SlotKeyframeColorModelTests.swift in Sources */ = {isa = PBXBuildFile; fileRef = 773E8FE72024F545009E38BD /* SlotKeyframeColorModelTests.swift */; };
		77689EE1203EE9DD002E0FDB /* IKConstraintKeyframeModelTests.swift in Sources */ = {isa = PBXBuildFile; fileRef = 773E8FE92024F707009E38BD /* IKConstraintKeyframeModelTests.swift */; };
		77689EE2203EE9DD002E0FDB /* TransformConstraintKeyframeModelTests.swift in Sources */ = {isa = PBXBuildFile; fileRef = 773E8FED2024F856009E38BD /* TransformConstraintKeyframeModelTests.swift */; };
		77689EE3203EE9DD002E0FDB /* DeformKeyframeModelTests.swift in Sources */ = {isa = PBXBuildFile; fileRef = 773E8FEF2024F9B2009E38BD /* DeformKeyframeModelTests.swift */; };
		77689EE4203EE9DD002E0FDB /* EventKeyfarameModelTests.swift in Sources */ = {isa = PBXBuildFile; fileRef = 773E8FF12024FAD8009E38BD /* EventKeyfarameModelTests.swift */; };
		77689EE5203EE9DD002E0FDB /* DrawOrderKeyframeModelTests.swift in Sources */ = {isa = PBXBuildFile; fileRef = 773E8FF32024FC2A009E38BD /* DrawOrderKeyframeModelTests.swift */; };
		77689EE6203EE9E0002E0FDB /* ColorTests.swift in Sources */ = {isa = PBXBuildFile; fileRef = 77450357203C745B00BED2D9 /* ColorTests.swift */; };
		77689EE7203EE9E5002E0FDB /* CGPathExtensionTests.swift in Sources */ = {isa = PBXBuildFile; fileRef = 77450354203C71AA00BED2D9 /* CGPathExtensionTests.swift */; };
		77689EE8203EE9E5002E0FDB /* Skeleton+PointsTests.swift in Sources */ = {isa = PBXBuildFile; fileRef = 774D0C93203DA53400EC5156 /* Skeleton+PointsTests.swift */; };
		77689EE9203EE9E9002E0FDB /* spineboy-pro.json in Resources */ = {isa = PBXBuildFile; fileRef = 7706409D2028F8460031BD32 /* spineboy-pro.json */; };
		77689F00203EEB10002E0FDB /* Spine_watchOS.h in Headers */ = {isa = PBXBuildFile; fileRef = 77689EFE203EEB10002E0FDB /* Spine_watchOS.h */; settings = {ATTRIBUTES = (Public, ); }; };
		77689F04203EEB64002E0FDB /* Skeleton.swift in Sources */ = {isa = PBXBuildFile; fileRef = 77DBA2A6202A19D900D35306 /* Skeleton.swift */; };
		77689F05203EEB64002E0FDB /* Bone.swift in Sources */ = {isa = PBXBuildFile; fileRef = 77E6FFB52029C8510078923C /* Bone.swift */; };
		77689F06203EEB64002E0FDB /* Slot.swift in Sources */ = {isa = PBXBuildFile; fileRef = 77E05F39202B8530003AFD42 /* Slot.swift */; };
		77689F07203EEB64002E0FDB /* Skin.swift in Sources */ = {isa = PBXBuildFile; fileRef = 776656E6202BADBB00750189 /* Skin.swift */; };
		77689F08203EEB64002E0FDB /* Attachment.swift in Sources */ = {isa = PBXBuildFile; fileRef = 776656E2202B9D3A00750189 /* Attachment.swift */; };
		77689F09203EEB64002E0FDB /* Animation.swift in Sources */ = {isa = PBXBuildFile; fileRef = 77DBA2A8202A1FE400D35306 /* Animation.swift */; };
		77689F0A203EEB68002E0FDB /* SpineModel.swift in Sources */ = {isa = PBXBuildFile; fileRef = 77404ED2201BD8E500E51CF5 /* SpineModel.swift */; };
		77689F0B203EEB68002E0FDB /* SkeletonModel.swift in Sources */ = {isa = PBXBuildFile; fileRef = 779AC335201B49B900C33B79 /* SkeletonModel.swift */; };
		77689F0C203EEB68002E0FDB /* ConstraintsModels.swift in Sources */ = {isa = PBXBuildFile; fileRef = 779AC339201B4A8A00C33B79 /* ConstraintsModels.swift */; };
		77689F0D203EEB68002E0FDB /* SkinModels.swift in Sources */ = {isa = PBXBuildFile; fileRef = 779AC33F201B4BC200C33B79 /* SkinModels.swift */; };
		77689F0E203EEB68002E0FDB /* EventModel.swift in Sources */ = {isa = PBXBuildFile; fileRef = 773E8FF52024FE2D009E38BD /* EventModel.swift */; };
		77689F0F203EEB68002E0FDB /* AnimationModels.swift in Sources */ = {isa = PBXBuildFile; fileRef = 779AC343201B4C4D00C33B79 /* AnimationModels.swift */; };
		77689F10203EEB6C002E0FDB /* Prefixable.swift in Sources */ = {isa = PBXBuildFile; fileRef = 77E5A8C6202CED6F00ACDC0D /* Prefixable.swift */; };
		77689F11203EEB6C002E0FDB /* Defaultable.swift in Sources */ = {isa = PBXBuildFile; fileRef = 77F75104203760050065AECE /* Defaultable.swift */; };
		77689F12203EEB6F002E0FDB /* Color.swift in Sources */ = {isa = PBXBuildFile; fileRef = 77869DE82037856F00404AC8 /* Color.swift */; };
		77689F13203EEB6F002E0FDB /* BezierCurveSolver.swift in Sources */ = {isa = PBXBuildFile; fileRef = 775D969320336DCC00137B38 /* BezierCurveSolver.swift */; };
		77689F14203EEB73002E0FDB /* Skeleton+Atlases.swift in Sources */ = {isa = PBXBuildFile; fileRef = 7745035B203CAA8C00BED2D9 /* Skeleton+Atlases.swift */; };
		77689F15203EEB73002E0FDB /* Skeleton+Physics.swift in Sources */ = {isa = PBXBuildFile; fileRef = 7745035D203CAB4200BED2D9 /* Skeleton+Physics.swift */; };
		77689F16203EEB73002E0FDB /* Skeleton+Animations.swift in Sources */ = {isa = PBXBuildFile; fileRef = 7745035F203CAC6900BED2D9 /* Skeleton+Animations.swift */; };
		77689F17203EEB73002E0FDB /* Skeleton+Skins.swift in Sources */ = {isa = PBXBuildFile; fileRef = 770D466A203CADC60046092C /* Skeleton+Skins.swift */; };
		77689F18203EEB73002E0FDB /* Skeleton+Points.swift in Sources */ = {isa = PBXBuildFile; fileRef = 774D0C91203D95A200EC5156 /* Skeleton+Points.swift */; };
		77689F19203EEB73002E0FDB /* Skeleton+Defaultable.swift in Sources */ = {isa = PBXBuildFile; fileRef = 774D0C8F203CD62900EC5156 /* Skeleton+Defaultable.swift */; };
		77689F1A203EEB73002E0FDB /* CGPath+Spine.swift in Sources */ = {isa = PBXBuildFile; fileRef = 77869DEF20386A8D00404AC8 /* CGPath+Spine.swift */; };
		77689F1B203EEB73002E0FDB /* SKAction+Spine.swift in Sources */ = {isa = PBXBuildFile; fileRef = 770D466C203CC6BE0046092C /* SKAction+Spine.swift */; };
		776912F4201F9A2B00DE909F /* ConstraintsModelsTests.swift in Sources */ = {isa = PBXBuildFile; fileRef = 776912F3201F9A2B00DE909F /* ConstraintsModelsTests.swift */; };
		77869DE92037856F00404AC8 /* Color.swift in Sources */ = {isa = PBXBuildFile; fileRef = 77869DE82037856F00404AC8 /* Color.swift */; };
		77869DF020386A8D00404AC8 /* CGPath+Spine.swift in Sources */ = {isa = PBXBuildFile; fileRef = 77869DEF20386A8D00404AC8 /* CGPath+Spine.swift */; };
		77880A422024BB50004DC555 /* AnimationModelsTests.swift in Sources */ = {isa = PBXBuildFile; fileRef = 77880A412024BB50004DC555 /* AnimationModelsTests.swift */; };
		779AC336201B49B900C33B79 /* SkeletonModel.swift in Sources */ = {isa = PBXBuildFile; fileRef = 779AC335201B49B900C33B79 /* SkeletonModel.swift */; };
		779AC33A201B4A8A00C33B79 /* ConstraintsModels.swift in Sources */ = {isa = PBXBuildFile; fileRef = 779AC339201B4A8A00C33B79 /* ConstraintsModels.swift */; };
		779AC340201B4BC200C33B79 /* SkinModels.swift in Sources */ = {isa = PBXBuildFile; fileRef = 779AC33F201B4BC200C33B79 /* SkinModels.swift */; };
		779AC344201B4C4D00C33B79 /* AnimationModels.swift in Sources */ = {isa = PBXBuildFile; fileRef = 779AC343201B4C4D00C33B79 /* AnimationModels.swift */; };
		779AC346201BC28900C33B79 /* SkeletonModelTests.swift in Sources */ = {isa = PBXBuildFile; fileRef = 779AC345201BC28900C33B79 /* SkeletonModelTests.swift */; };
		779B7141202E4D060031DD4F /* AnimationTests.swift in Sources */ = {isa = PBXBuildFile; fileRef = 779B7140202E4D060031DD4F /* AnimationTests.swift */; };
		77DBA2A7202A19D900D35306 /* Skeleton.swift in Sources */ = {isa = PBXBuildFile; fileRef = 77DBA2A6202A19D900D35306 /* Skeleton.swift */; };
		77DBA2A9202A1FE400D35306 /* Animation.swift in Sources */ = {isa = PBXBuildFile; fileRef = 77DBA2A8202A1FE400D35306 /* Animation.swift */; };
		77E05F3A202B8530003AFD42 /* Slot.swift in Sources */ = {isa = PBXBuildFile; fileRef = 77E05F39202B8530003AFD42 /* Slot.swift */; };
		77E5A8C5202CDFC000ACDC0D /* SkinTests.swift in Sources */ = {isa = PBXBuildFile; fileRef = 77E5A8C4202CDFC000ACDC0D /* SkinTests.swift */; };
		77E5A8C7202CED6F00ACDC0D /* Prefixable.swift in Sources */ = {isa = PBXBuildFile; fileRef = 77E5A8C6202CED6F00ACDC0D /* Prefixable.swift */; };
		77E6FFB62029C8510078923C /* Bone.swift in Sources */ = {isa = PBXBuildFile; fileRef = 77E6FFB52029C8510078923C /* Bone.swift */; };
		77E6FFB82029D2110078923C /* ColorModelTets.swift in Sources */ = {isa = PBXBuildFile; fileRef = 77E6FFB72029D2110078923C /* ColorModelTets.swift */; };
		77F1D5F3201A490400AF499B /* Spine.framework in Frameworks */ = {isa = PBXBuildFile; fileRef = 77F1D5E9201A490400AF499B /* Spine.framework */; };
		77F1D5FA201A490400AF499B /* Spine.h in Headers */ = {isa = PBXBuildFile; fileRef = 77F1D5EC201A490400AF499B /* Spine.h */; settings = {ATTRIBUTES = (Public, ); }; };
		77F75105203760050065AECE /* Defaultable.swift in Sources */ = {isa = PBXBuildFile; fileRef = 77F75104203760050065AECE /* Defaultable.swift */; };
/* End PBXBuildFile section */

/* Begin PBXContainerItemProxy section */
		77689E5D203EE2A3002E0FDB /* PBXContainerItemProxy */ = {
			isa = PBXContainerItemProxy;
			containerPortal = 77F1D5E0201A490400AF499B /* Project object */;
			proxyType = 1;
			remoteGlobalIDString = 77689E52203EE2A3002E0FDB;
			remoteInfo = "Spine-macOS";
		};
		77689EAC203EE994002E0FDB /* PBXContainerItemProxy */ = {
			isa = PBXContainerItemProxy;
			containerPortal = 77F1D5E0201A490400AF499B /* Project object */;
			proxyType = 1;
			remoteGlobalIDString = 77689EA1203EE993002E0FDB;
			remoteInfo = "Spine-tvOS";
		};
		77F1D5F4201A490400AF499B /* PBXContainerItemProxy */ = {
			isa = PBXContainerItemProxy;
			containerPortal = 77F1D5E0201A490400AF499B /* Project object */;
			proxyType = 1;
			remoteGlobalIDString = 77F1D5E8201A490400AF499B;
			remoteInfo = Spine;
		};
/* End PBXContainerItemProxy section */

/* Begin PBXFileReference section */
		7706409B2028D17F0031BD32 /* EventModelTests.swift */ = {isa = PBXFileReference; lastKnownFileType = sourcecode.swift; path = EventModelTests.swift; sourceTree = "<group>"; };
		7706409D2028F8460031BD32 /* spineboy-pro.json */ = {isa = PBXFileReference; fileEncoding = 4; lastKnownFileType = text.json; path = "spineboy-pro.json"; sourceTree = "<group>"; };
		7706409F2028F86C0031BD32 /* SpineModelTests.swift */ = {isa = PBXFileReference; lastKnownFileType = sourcecode.swift; path = SpineModelTests.swift; sourceTree = "<group>"; };
		770D466A203CADC60046092C /* Skeleton+Skins.swift */ = {isa = PBXFileReference; lastKnownFileType = sourcecode.swift; path = "Skeleton+Skins.swift"; sourceTree = "<group>"; };
		770D466C203CC6BE0046092C /* SKAction+Spine.swift */ = {isa = PBXFileReference; lastKnownFileType = sourcecode.swift; path = "SKAction+Spine.swift"; sourceTree = "<group>"; };
		773E8FDD2024ED4B009E38BD /* BoneKeyframeRotateModelTests.swift */ = {isa = PBXFileReference; lastKnownFileType = sourcecode.swift; path = BoneKeyframeRotateModelTests.swift; sourceTree = "<group>"; };
		773E8FDF2024EDF8009E38BD /* BoneKeyframeTranslateModelTests.swift */ = {isa = PBXFileReference; lastKnownFileType = sourcecode.swift; path = BoneKeyframeTranslateModelTests.swift; sourceTree = "<group>"; };
		773E8FE12024F04D009E38BD /* BoneKeyframeScaleModelTests.swift */ = {isa = PBXFileReference; lastKnownFileType = sourcecode.swift; path = BoneKeyframeScaleModelTests.swift; sourceTree = "<group>"; };
		773E8FE32024F1F4009E38BD /* BoneKeyframeShearModelTests.swift */ = {isa = PBXFileReference; lastKnownFileType = sourcecode.swift; path = BoneKeyframeShearModelTests.swift; sourceTree = "<group>"; };
		773E8FE52024F46A009E38BD /* SlotKeyframeAttachmentModelTests.swift */ = {isa = PBXFileReference; lastKnownFileType = sourcecode.swift; path = SlotKeyframeAttachmentModelTests.swift; sourceTree = "<group>"; };
		773E8FE72024F545009E38BD /* SlotKeyframeColorModelTests.swift */ = {isa = PBXFileReference; lastKnownFileType = sourcecode.swift; path = SlotKeyframeColorModelTests.swift; sourceTree = "<group>"; };
		773E8FE92024F707009E38BD /* IKConstraintKeyframeModelTests.swift */ = {isa = PBXFileReference; lastKnownFileType = sourcecode.swift; path = IKConstraintKeyframeModelTests.swift; sourceTree = "<group>"; };
		773E8FED2024F856009E38BD /* TransformConstraintKeyframeModelTests.swift */ = {isa = PBXFileReference; lastKnownFileType = sourcecode.swift; path = TransformConstraintKeyframeModelTests.swift; sourceTree = "<group>"; };
		773E8FEF2024F9B2009E38BD /* DeformKeyframeModelTests.swift */ = {isa = PBXFileReference; lastKnownFileType = sourcecode.swift; path = DeformKeyframeModelTests.swift; sourceTree = "<group>"; };
		773E8FF12024FAD8009E38BD /* EventKeyfarameModelTests.swift */ = {isa = PBXFileReference; lastKnownFileType = sourcecode.swift; path = EventKeyfarameModelTests.swift; sourceTree = "<group>"; };
		773E8FF32024FC2A009E38BD /* DrawOrderKeyframeModelTests.swift */ = {isa = PBXFileReference; lastKnownFileType = sourcecode.swift; path = DrawOrderKeyframeModelTests.swift; sourceTree = "<group>"; };
		773E8FF52024FE2D009E38BD /* EventModel.swift */ = {isa = PBXFileReference; lastKnownFileType = sourcecode.swift; path = EventModel.swift; sourceTree = "<group>"; };
		77404ED2201BD8E500E51CF5 /* SpineModel.swift */ = {isa = PBXFileReference; lastKnownFileType = sourcecode.swift; path = SpineModel.swift; sourceTree = "<group>"; };
		77450354203C71AA00BED2D9 /* CGPathExtensionTests.swift */ = {isa = PBXFileReference; lastKnownFileType = sourcecode.swift; path = CGPathExtensionTests.swift; sourceTree = "<group>"; };
		77450357203C745B00BED2D9 /* ColorTests.swift */ = {isa = PBXFileReference; lastKnownFileType = sourcecode.swift; path = ColorTests.swift; sourceTree = "<group>"; };
		77450359203C76A500BED2D9 /* BoneTests.swift */ = {isa = PBXFileReference; lastKnownFileType = sourcecode.swift; path = BoneTests.swift; sourceTree = "<group>"; };
		7745035B203CAA8C00BED2D9 /* Skeleton+Atlases.swift */ = {isa = PBXFileReference; lastKnownFileType = sourcecode.swift; path = "Skeleton+Atlases.swift"; sourceTree = "<group>"; };
		7745035D203CAB4200BED2D9 /* Skeleton+Physics.swift */ = {isa = PBXFileReference; lastKnownFileType = sourcecode.swift; path = "Skeleton+Physics.swift"; sourceTree = "<group>"; };
		7745035F203CAC6900BED2D9 /* Skeleton+Animations.swift */ = {isa = PBXFileReference; lastKnownFileType = sourcecode.swift; path = "Skeleton+Animations.swift"; sourceTree = "<group>"; };
		774D0C8F203CD62900EC5156 /* Skeleton+Defaultable.swift */ = {isa = PBXFileReference; lastKnownFileType = sourcecode.swift; path = "Skeleton+Defaultable.swift"; sourceTree = "<group>"; };
		774D0C91203D95A200EC5156 /* Skeleton+Points.swift */ = {isa = PBXFileReference; lastKnownFileType = sourcecode.swift; path = "Skeleton+Points.swift"; sourceTree = "<group>"; };
		774D0C93203DA53400EC5156 /* Skeleton+PointsTests.swift */ = {isa = PBXFileReference; lastKnownFileType = sourcecode.swift; path = "Skeleton+PointsTests.swift"; sourceTree = "<group>"; };
		7755D4232020F14D005275DA /* SkinModelsTests.swift */ = {isa = PBXFileReference; lastKnownFileType = sourcecode.swift; path = SkinModelsTests.swift; sourceTree = "<group>"; };
		775D969320336DCC00137B38 /* BezierCurveSolver.swift */ = {isa = PBXFileReference; lastKnownFileType = sourcecode.swift; path = BezierCurveSolver.swift; sourceTree = "<group>"; };
		776656E2202B9D3A00750189 /* Attachment.swift */ = {isa = PBXFileReference; lastKnownFileType = sourcecode.swift; path = Attachment.swift; sourceTree = "<group>"; };
		776656E6202BADBB00750189 /* Skin.swift */ = {isa = PBXFileReference; lastKnownFileType = sourcecode.swift; path = Skin.swift; sourceTree = "<group>"; };
		77689E53203EE2A3002E0FDB /* Spine.framework */ = {isa = PBXFileReference; explicitFileType = wrapper.framework; includeInIndex = 0; path = Spine.framework; sourceTree = BUILT_PRODUCTS_DIR; };
		77689E55203EE2A3002E0FDB /* Spine_macOS.h */ = {isa = PBXFileReference; lastKnownFileType = sourcecode.c.h; path = Spine_macOS.h; sourceTree = "<group>"; };
		77689E56203EE2A3002E0FDB /* Info.plist */ = {isa = PBXFileReference; lastKnownFileType = text.plist.xml; path = Info.plist; sourceTree = "<group>"; };
		77689E5B203EE2A3002E0FDB /* Spine-macOSTests.xctest */ = {isa = PBXFileReference; explicitFileType = wrapper.cfbundle; includeInIndex = 0; path = "Spine-macOSTests.xctest"; sourceTree = BUILT_PRODUCTS_DIR; };
		77689E62203EE2A3002E0FDB /* Info.plist */ = {isa = PBXFileReference; lastKnownFileType = text.plist.xml; path = Info.plist; sourceTree = "<group>"; };
		77689EA2203EE993002E0FDB /* Spine.framework */ = {isa = PBXFileReference; explicitFileType = wrapper.framework; includeInIndex = 0; path = Spine.framework; sourceTree = BUILT_PRODUCTS_DIR; };
		77689EA4203EE993002E0FDB /* Spine_tvOS.h */ = {isa = PBXFileReference; lastKnownFileType = sourcecode.c.h; path = Spine_tvOS.h; sourceTree = "<group>"; };
		77689EA5203EE993002E0FDB /* Info.plist */ = {isa = PBXFileReference; lastKnownFileType = text.plist.xml; path = Info.plist; sourceTree = "<group>"; };
		77689EAA203EE994002E0FDB /* Spine-tvOSTests.xctest */ = {isa = PBXFileReference; explicitFileType = wrapper.cfbundle; includeInIndex = 0; path = "Spine-tvOSTests.xctest"; sourceTree = BUILT_PRODUCTS_DIR; };
		77689EB1203EE994002E0FDB /* Info.plist */ = {isa = PBXFileReference; lastKnownFileType = text.plist.xml; path = Info.plist; sourceTree = "<group>"; };
		77689EFC203EEB10002E0FDB /* Spine.framework */ = {isa = PBXFileReference; explicitFileType = wrapper.framework; includeInIndex = 0; path = Spine.framework; sourceTree = BUILT_PRODUCTS_DIR; };
		77689EFE203EEB10002E0FDB /* Spine_watchOS.h */ = {isa = PBXFileReference; lastKnownFileType = sourcecode.c.h; path = Spine_watchOS.h; sourceTree = "<group>"; };
		77689EFF203EEB10002E0FDB /* Info.plist */ = {isa = PBXFileReference; lastKnownFileType = text.plist.xml; path = Info.plist; sourceTree = "<group>"; };
		776912F3201F9A2B00DE909F /* ConstraintsModelsTests.swift */ = {isa = PBXFileReference; lastKnownFileType = sourcecode.swift; path = ConstraintsModelsTests.swift; sourceTree = "<group>"; };
		77869DE82037856F00404AC8 /* Color.swift */ = {isa = PBXFileReference; lastKnownFileType = sourcecode.swift; path = Color.swift; sourceTree = "<group>"; };
		77869DEF20386A8D00404AC8 /* CGPath+Spine.swift */ = {isa = PBXFileReference; lastKnownFileType = sourcecode.swift; path = "CGPath+Spine.swift"; sourceTree = "<group>"; };
		77880A412024BB50004DC555 /* AnimationModelsTests.swift */ = {isa = PBXFileReference; lastKnownFileType = sourcecode.swift; path = AnimationModelsTests.swift; sourceTree = "<group>"; };
		779AC335201B49B900C33B79 /* SkeletonModel.swift */ = {isa = PBXFileReference; lastKnownFileType = sourcecode.swift; path = SkeletonModel.swift; sourceTree = "<group>"; };
		779AC339201B4A8A00C33B79 /* ConstraintsModels.swift */ = {isa = PBXFileReference; lastKnownFileType = sourcecode.swift; path = ConstraintsModels.swift; sourceTree = "<group>"; };
		779AC33F201B4BC200C33B79 /* SkinModels.swift */ = {isa = PBXFileReference; lastKnownFileType = sourcecode.swift; path = SkinModels.swift; sourceTree = "<group>"; };
		779AC343201B4C4D00C33B79 /* AnimationModels.swift */ = {isa = PBXFileReference; lastKnownFileType = sourcecode.swift; path = AnimationModels.swift; sourceTree = "<group>"; };
		779AC345201BC28900C33B79 /* SkeletonModelTests.swift */ = {isa = PBXFileReference; lastKnownFileType = sourcecode.swift; path = SkeletonModelTests.swift; sourceTree = "<group>"; };
		779B7140202E4D060031DD4F /* AnimationTests.swift */ = {isa = PBXFileReference; lastKnownFileType = sourcecode.swift; path = AnimationTests.swift; sourceTree = "<group>"; };
		77DBA2A6202A19D900D35306 /* Skeleton.swift */ = {isa = PBXFileReference; lastKnownFileType = sourcecode.swift; path = Skeleton.swift; sourceTree = "<group>"; };
		77DBA2A8202A1FE400D35306 /* Animation.swift */ = {isa = PBXFileReference; lastKnownFileType = sourcecode.swift; path = Animation.swift; sourceTree = "<group>"; };
		77E05F39202B8530003AFD42 /* Slot.swift */ = {isa = PBXFileReference; lastKnownFileType = sourcecode.swift; path = Slot.swift; sourceTree = "<group>"; };
		77E5A8C4202CDFC000ACDC0D /* SkinTests.swift */ = {isa = PBXFileReference; lastKnownFileType = sourcecode.swift; path = SkinTests.swift; sourceTree = "<group>"; };
		77E5A8C6202CED6F00ACDC0D /* Prefixable.swift */ = {isa = PBXFileReference; lastKnownFileType = sourcecode.swift; path = Prefixable.swift; sourceTree = "<group>"; };
		77E6FFB52029C8510078923C /* Bone.swift */ = {isa = PBXFileReference; lastKnownFileType = sourcecode.swift; path = Bone.swift; sourceTree = "<group>"; };
		77E6FFB72029D2110078923C /* ColorModelTets.swift */ = {isa = PBXFileReference; lastKnownFileType = sourcecode.swift; path = ColorModelTets.swift; sourceTree = "<group>"; };
		77F1D5E9201A490400AF499B /* Spine.framework */ = {isa = PBXFileReference; explicitFileType = wrapper.framework; includeInIndex = 0; path = Spine.framework; sourceTree = BUILT_PRODUCTS_DIR; };
		77F1D5EC201A490400AF499B /* Spine.h */ = {isa = PBXFileReference; lastKnownFileType = sourcecode.c.h; path = Spine.h; sourceTree = "<group>"; };
		77F1D5ED201A490400AF499B /* Info.plist */ = {isa = PBXFileReference; lastKnownFileType = text.plist.xml; path = Info.plist; sourceTree = "<group>"; };
		77F1D5F2201A490400AF499B /* SpineTests-iOS.xctest */ = {isa = PBXFileReference; explicitFileType = wrapper.cfbundle; includeInIndex = 0; path = "SpineTests-iOS.xctest"; sourceTree = BUILT_PRODUCTS_DIR; };
		77F1D5F9201A490400AF499B /* Info.plist */ = {isa = PBXFileReference; lastKnownFileType = text.plist.xml; path = Info.plist; sourceTree = "<group>"; };
		77F75104203760050065AECE /* Defaultable.swift */ = {isa = PBXFileReference; lastKnownFileType = sourcecode.swift; path = Defaultable.swift; sourceTree = "<group>"; };
/* End PBXFileReference section */

/* Begin PBXFrameworksBuildPhase section */
		77689E4F203EE2A3002E0FDB /* Frameworks */ = {
			isa = PBXFrameworksBuildPhase;
			buildActionMask = 2147483647;
			files = (
			);
			runOnlyForDeploymentPostprocessing = 0;
		};
		77689E58203EE2A3002E0FDB /* Frameworks */ = {
			isa = PBXFrameworksBuildPhase;
			buildActionMask = 2147483647;
			files = (
				77689E5C203EE2A3002E0FDB /* Spine.framework in Frameworks */,
			);
			runOnlyForDeploymentPostprocessing = 0;
		};
		77689E9E203EE993002E0FDB /* Frameworks */ = {
			isa = PBXFrameworksBuildPhase;
			buildActionMask = 2147483647;
			files = (
			);
			runOnlyForDeploymentPostprocessing = 0;
		};
		77689EA7203EE994002E0FDB /* Frameworks */ = {
			isa = PBXFrameworksBuildPhase;
			buildActionMask = 2147483647;
			files = (
				77689EAB203EE994002E0FDB /* Spine.framework in Frameworks */,
			);
			runOnlyForDeploymentPostprocessing = 0;
		};
		77689EF8203EEB10002E0FDB /* Frameworks */ = {
			isa = PBXFrameworksBuildPhase;
			buildActionMask = 2147483647;
			files = (
			);
			runOnlyForDeploymentPostprocessing = 0;
		};
		77F1D5E5201A490400AF499B /* Frameworks */ = {
			isa = PBXFrameworksBuildPhase;
			buildActionMask = 2147483647;
			files = (
			);
			runOnlyForDeploymentPostprocessing = 0;
		};
		77F1D5EF201A490400AF499B /* Frameworks */ = {
			isa = PBXFrameworksBuildPhase;
			buildActionMask = 2147483647;
			files = (
				77F1D5F3201A490400AF499B /* Spine.framework in Frameworks */,
			);
			runOnlyForDeploymentPostprocessing = 0;
		};
/* End PBXFrameworksBuildPhase section */

/* Begin PBXGroup section */
		770640A12028F97A0031BD32 /* Resources */ = {
			isa = PBXGroup;
			children = (
				7706409D2028F8460031BD32 /* spineboy-pro.json */,
			);
			path = Resources;
			sourceTree = "<group>";
		};
		773E8FDC2024ED2E009E38BD /* AnimationKeyframesModelsTests */ = {
			isa = PBXGroup;
			children = (
				773E8FDD2024ED4B009E38BD /* BoneKeyframeRotateModelTests.swift */,
				773E8FDF2024EDF8009E38BD /* BoneKeyframeTranslateModelTests.swift */,
				773E8FE12024F04D009E38BD /* BoneKeyframeScaleModelTests.swift */,
				773E8FE32024F1F4009E38BD /* BoneKeyframeShearModelTests.swift */,
				773E8FE52024F46A009E38BD /* SlotKeyframeAttachmentModelTests.swift */,
				773E8FE72024F545009E38BD /* SlotKeyframeColorModelTests.swift */,
				773E8FE92024F707009E38BD /* IKConstraintKeyframeModelTests.swift */,
				773E8FED2024F856009E38BD /* TransformConstraintKeyframeModelTests.swift */,
				773E8FEF2024F9B2009E38BD /* DeformKeyframeModelTests.swift */,
				773E8FF12024FAD8009E38BD /* EventKeyfarameModelTests.swift */,
				773E8FF32024FC2A009E38BD /* DrawOrderKeyframeModelTests.swift */,
			);
			path = AnimationKeyframesModelsTests;
			sourceTree = "<group>";
		};
		77450353203C716200BED2D9 /* Extensions Tests */ = {
			isa = PBXGroup;
			children = (
				77450354203C71AA00BED2D9 /* CGPathExtensionTests.swift */,
				774D0C93203DA53400EC5156 /* Skeleton+PointsTests.swift */,
			);
			path = "Extensions Tests";
			sourceTree = "<group>";
		};
		77450356203C742B00BED2D9 /* Utilites Tests */ = {
			isa = PBXGroup;
			children = (
				77450357203C745B00BED2D9 /* ColorTests.swift */,
			);
			path = "Utilites Tests";
			sourceTree = "<group>";
		};
		77689E54203EE2A3002E0FDB /* Spine-macOS */ = {
			isa = PBXGroup;
			children = (
				77689E55203EE2A3002E0FDB /* Spine_macOS.h */,
				77689E56203EE2A3002E0FDB /* Info.plist */,
			);
			path = "Spine-macOS";
			sourceTree = "<group>";
		};
		77689E5F203EE2A3002E0FDB /* Spine-macOSTests */ = {
			isa = PBXGroup;
			children = (
				77689E62203EE2A3002E0FDB /* Info.plist */,
			);
			path = "Spine-macOSTests";
			sourceTree = "<group>";
		};
		77689EA3203EE993002E0FDB /* Spine-tvOS */ = {
			isa = PBXGroup;
			children = (
				77689EA4203EE993002E0FDB /* Spine_tvOS.h */,
				77689EA5203EE993002E0FDB /* Info.plist */,
			);
			path = "Spine-tvOS";
			sourceTree = "<group>";
		};
		77689EAE203EE994002E0FDB /* Spine-tvOSTests */ = {
			isa = PBXGroup;
			children = (
				77689EB1203EE994002E0FDB /* Info.plist */,
			);
			path = "Spine-tvOSTests";
			sourceTree = "<group>";
		};
		77689EFD203EEB10002E0FDB /* Spine-watchOS */ = {
			isa = PBXGroup;
			children = (
				77689EFE203EEB10002E0FDB /* Spine_watchOS.h */,
				77689EFF203EEB10002E0FDB /* Info.plist */,
			);
			path = "Spine-watchOS";
			sourceTree = "<group>";
		};
		77869DEA2037888600404AC8 /* Protocols */ = {
			isa = PBXGroup;
			children = (
				77E5A8C6202CED6F00ACDC0D /* Prefixable.swift */,
				77F75104203760050065AECE /* Defaultable.swift */,
			);
			path = Protocols;
			sourceTree = "<group>";
		};
		77869DEB203788BC00404AC8 /* Utilities */ = {
			isa = PBXGroup;
			children = (
				77869DE82037856F00404AC8 /* Color.swift */,
				775D969320336DCC00137B38 /* BezierCurveSolver.swift */,
			);
			path = Utilities;
			sourceTree = "<group>";
		};
		77869DEE20386A5A00404AC8 /* Extensions */ = {
			isa = PBXGroup;
			children = (
				7745035B203CAA8C00BED2D9 /* Skeleton+Atlases.swift */,
				7745035D203CAB4200BED2D9 /* Skeleton+Physics.swift */,
				7745035F203CAC6900BED2D9 /* Skeleton+Animations.swift */,
				770D466A203CADC60046092C /* Skeleton+Skins.swift */,
				774D0C91203D95A200EC5156 /* Skeleton+Points.swift */,
				774D0C8F203CD62900EC5156 /* Skeleton+Defaultable.swift */,
				77869DEF20386A8D00404AC8 /* CGPath+Spine.swift */,
				770D466C203CC6BE0046092C /* SKAction+Spine.swift */,
			);
			path = Extensions;
			sourceTree = "<group>";
		};
		779AC334201B499C00C33B79 /* Model */ = {
			isa = PBXGroup;
			children = (
				77404ED2201BD8E500E51CF5 /* SpineModel.swift */,
				779AC335201B49B900C33B79 /* SkeletonModel.swift */,
				779AC339201B4A8A00C33B79 /* ConstraintsModels.swift */,
				779AC33F201B4BC200C33B79 /* SkinModels.swift */,
				773E8FF52024FE2D009E38BD /* EventModel.swift */,
				779AC343201B4C4D00C33B79 /* AnimationModels.swift */,
			);
			path = Model;
			sourceTree = "<group>";
		};
		779B7143202E4D390031DD4F /* Model Tests */ = {
			isa = PBXGroup;
			children = (
				7706409F2028F86C0031BD32 /* SpineModelTests.swift */,
				779AC345201BC28900C33B79 /* SkeletonModelTests.swift */,
				776912F3201F9A2B00DE909F /* ConstraintsModelsTests.swift */,
				7755D4232020F14D005275DA /* SkinModelsTests.swift */,
				7706409B2028D17F0031BD32 /* EventModelTests.swift */,
				77880A412024BB50004DC555 /* AnimationModelsTests.swift */,
				77E6FFB72029D2110078923C /* ColorModelTets.swift */,
				773E8FDC2024ED2E009E38BD /* AnimationKeyframesModelsTests */,
			);
			path = "Model Tests";
			sourceTree = "<group>";
		};
		77F1D5DF201A490400AF499B = {
			isa = PBXGroup;
			children = (
				77F1D5EB201A490400AF499B /* Spine */,
				77F1D5F6201A490400AF499B /* SpineTests */,
				77689E54203EE2A3002E0FDB /* Spine-macOS */,
				77689E5F203EE2A3002E0FDB /* Spine-macOSTests */,
				77689EA3203EE993002E0FDB /* Spine-tvOS */,
				77689EAE203EE994002E0FDB /* Spine-tvOSTests */,
				77689EFD203EEB10002E0FDB /* Spine-watchOS */,
				77F1D5EA201A490400AF499B /* Products */,
			);
			sourceTree = "<group>";
		};
		77F1D5EA201A490400AF499B /* Products */ = {
			isa = PBXGroup;
			children = (
				77F1D5E9201A490400AF499B /* Spine.framework */,
				77F1D5F2201A490400AF499B /* SpineTests-iOS.xctest */,
				77689E53203EE2A3002E0FDB /* Spine.framework */,
				77689E5B203EE2A3002E0FDB /* Spine-macOSTests.xctest */,
				77689EA2203EE993002E0FDB /* Spine.framework */,
				77689EAA203EE994002E0FDB /* Spine-tvOSTests.xctest */,
				77689EFC203EEB10002E0FDB /* Spine.framework */,
			);
			name = Products;
			sourceTree = "<group>";
		};
		77F1D5EB201A490400AF499B /* Spine */ = {
			isa = PBXGroup;
			children = (
				77F1D5EC201A490400AF499B /* Spine.h */,
				77DBA2A6202A19D900D35306 /* Skeleton.swift */,
				77E6FFB52029C8510078923C /* Bone.swift */,
				77E05F39202B8530003AFD42 /* Slot.swift */,
				776656E6202BADBB00750189 /* Skin.swift */,
				776656E2202B9D3A00750189 /* Attachment.swift */,
				77DBA2A8202A1FE400D35306 /* Animation.swift */,
				779AC334201B499C00C33B79 /* Model */,
				77869DEA2037888600404AC8 /* Protocols */,
				77869DEB203788BC00404AC8 /* Utilities */,
				77869DEE20386A5A00404AC8 /* Extensions */,
				77F1D5ED201A490400AF499B /* Info.plist */,
			);
			path = Spine;
			sourceTree = "<group>";
		};
		77F1D5F6201A490400AF499B /* SpineTests */ = {
			isa = PBXGroup;
			children = (
				779B7140202E4D060031DD4F /* AnimationTests.swift */,
				77E5A8C4202CDFC000ACDC0D /* SkinTests.swift */,
				77450359203C76A500BED2D9 /* BoneTests.swift */,
				779B7143202E4D390031DD4F /* Model Tests */,
				77450356203C742B00BED2D9 /* Utilites Tests */,
				77450353203C716200BED2D9 /* Extensions Tests */,
				770640A12028F97A0031BD32 /* Resources */,
				77F1D5F9201A490400AF499B /* Info.plist */,
			);
			path = SpineTests;
			sourceTree = "<group>";
		};
/* End PBXGroup section */

/* Begin PBXHeadersBuildPhase section */
		77689E50203EE2A3002E0FDB /* Headers */ = {
			isa = PBXHeadersBuildPhase;
			buildActionMask = 2147483647;
			files = (
				77689E63203EE2A3002E0FDB /* Spine_macOS.h in Headers */,
			);
			runOnlyForDeploymentPostprocessing = 0;
		};
		77689E9F203EE993002E0FDB /* Headers */ = {
			isa = PBXHeadersBuildPhase;
			buildActionMask = 2147483647;
			files = (
				77689EB2203EE994002E0FDB /* Spine_tvOS.h in Headers */,
			);
			runOnlyForDeploymentPostprocessing = 0;
		};
		77689EF9203EEB10002E0FDB /* Headers */ = {
			isa = PBXHeadersBuildPhase;
			buildActionMask = 2147483647;
			files = (
				77689F00203EEB10002E0FDB /* Spine_watchOS.h in Headers */,
			);
			runOnlyForDeploymentPostprocessing = 0;
		};
		77F1D5E6201A490400AF499B /* Headers */ = {
			isa = PBXHeadersBuildPhase;
			buildActionMask = 2147483647;
			files = (
				77F1D5FA201A490400AF499B /* Spine.h in Headers */,
			);
			runOnlyForDeploymentPostprocessing = 0;
		};
/* End PBXHeadersBuildPhase section */

/* Begin PBXNativeTarget section */
		77689E52203EE2A3002E0FDB /* Spine-macOS */ = {
			isa = PBXNativeTarget;
			buildConfigurationList = 77689E64203EE2A3002E0FDB /* Build configuration list for PBXNativeTarget "Spine-macOS" */;
			buildPhases = (
				77689E4E203EE2A3002E0FDB /* Sources */,
				77689E4F203EE2A3002E0FDB /* Frameworks */,
				77689E50203EE2A3002E0FDB /* Headers */,
				77689E51203EE2A3002E0FDB /* Resources */,
			);
			buildRules = (
			);
			dependencies = (
			);
			name = "Spine-macOS";
			productName = "Spine-macOS";
			productReference = 77689E53203EE2A3002E0FDB /* Spine.framework */;
			productType = "com.apple.product-type.framework";
		};
		77689E5A203EE2A3002E0FDB /* Spine-macOSTests */ = {
			isa = PBXNativeTarget;
			buildConfigurationList = 77689E67203EE2A3002E0FDB /* Build configuration list for PBXNativeTarget "Spine-macOSTests" */;
			buildPhases = (
				77689E57203EE2A3002E0FDB /* Sources */,
				77689E58203EE2A3002E0FDB /* Frameworks */,
				77689E59203EE2A3002E0FDB /* Resources */,
			);
			buildRules = (
			);
			dependencies = (
				77689E5E203EE2A3002E0FDB /* PBXTargetDependency */,
			);
			name = "Spine-macOSTests";
			productName = "Spine-macOSTests";
			productReference = 77689E5B203EE2A3002E0FDB /* Spine-macOSTests.xctest */;
			productType = "com.apple.product-type.bundle.unit-test";
		};
		77689EA1203EE993002E0FDB /* Spine-tvOS */ = {
			isa = PBXNativeTarget;
			buildConfigurationList = 77689EB3203EE994002E0FDB /* Build configuration list for PBXNativeTarget "Spine-tvOS" */;
			buildPhases = (
				77689E9D203EE993002E0FDB /* Sources */,
				77689E9E203EE993002E0FDB /* Frameworks */,
				77689E9F203EE993002E0FDB /* Headers */,
				77689EA0203EE993002E0FDB /* Resources */,
			);
			buildRules = (
			);
			dependencies = (
			);
			name = "Spine-tvOS";
			productName = "Spine-tvOS";
			productReference = 77689EA2203EE993002E0FDB /* Spine.framework */;
			productType = "com.apple.product-type.framework";
		};
		77689EA9203EE994002E0FDB /* Spine-tvOSTests */ = {
			isa = PBXNativeTarget;
			buildConfigurationList = 77689EB6203EE994002E0FDB /* Build configuration list for PBXNativeTarget "Spine-tvOSTests" */;
			buildPhases = (
				77689EA6203EE994002E0FDB /* Sources */,
				77689EA7203EE994002E0FDB /* Frameworks */,
				77689EA8203EE994002E0FDB /* Resources */,
			);
			buildRules = (
			);
			dependencies = (
				77689EAD203EE994002E0FDB /* PBXTargetDependency */,
			);
			name = "Spine-tvOSTests";
			productName = "Spine-tvOSTests";
			productReference = 77689EAA203EE994002E0FDB /* Spine-tvOSTests.xctest */;
			productType = "com.apple.product-type.bundle.unit-test";
		};
		77689EFB203EEB10002E0FDB /* Spine-watchOS */ = {
			isa = PBXNativeTarget;
			buildConfigurationList = 77689F03203EEB10002E0FDB /* Build configuration list for PBXNativeTarget "Spine-watchOS" */;
			buildPhases = (
				77689EF7203EEB10002E0FDB /* Sources */,
				77689EF8203EEB10002E0FDB /* Frameworks */,
				77689EF9203EEB10002E0FDB /* Headers */,
				77689EFA203EEB10002E0FDB /* Resources */,
			);
			buildRules = (
			);
			dependencies = (
			);
			name = "Spine-watchOS";
			productName = "Spine-watchOS";
			productReference = 77689EFC203EEB10002E0FDB /* Spine.framework */;
			productType = "com.apple.product-type.framework";
		};
		77F1D5E8201A490400AF499B /* Spine-iOS */ = {
			isa = PBXNativeTarget;
			buildConfigurationList = 77F1D5FD201A490400AF499B /* Build configuration list for PBXNativeTarget "Spine-iOS" */;
			buildPhases = (
				77F1D5E4201A490400AF499B /* Sources */,
				77F1D5E5201A490400AF499B /* Frameworks */,
				77F1D5E6201A490400AF499B /* Headers */,
				77F1D5E7201A490400AF499B /* Resources */,
			);
			buildRules = (
			);
			dependencies = (
			);
			name = "Spine-iOS";
			productName = Spine;
			productReference = 77F1D5E9201A490400AF499B /* Spine.framework */;
			productType = "com.apple.product-type.framework";
		};
		77F1D5F1201A490400AF499B /* SpineTests-iOS */ = {
			isa = PBXNativeTarget;
			buildConfigurationList = 77F1D600201A490400AF499B /* Build configuration list for PBXNativeTarget "SpineTests-iOS" */;
			buildPhases = (
				77F1D5EE201A490400AF499B /* Sources */,
				77F1D5EF201A490400AF499B /* Frameworks */,
				77F1D5F0201A490400AF499B /* Resources */,
			);
			buildRules = (
			);
			dependencies = (
				77F1D5F5201A490400AF499B /* PBXTargetDependency */,
			);
			name = "SpineTests-iOS";
			productName = SpineTests;
			productReference = 77F1D5F2201A490400AF499B /* SpineTests-iOS.xctest */;
			productType = "com.apple.product-type.bundle.unit-test";
		};
/* End PBXNativeTarget section */

/* Begin PBXProject section */
		77F1D5E0201A490400AF499B /* Project object */ = {
			isa = PBXProject;
			attributes = {
				LastSwiftUpdateCheck = 0920;
				LastUpgradeCheck = 0940;
				ORGANIZATIONNAME = "Max Gribov";
				TargetAttributes = {
					77689E52203EE2A3002E0FDB = {
						CreatedOnToolsVersion = 9.2;
						ProvisioningStyle = Manual;
					};
					77689E5A203EE2A3002E0FDB = {
						CreatedOnToolsVersion = 9.2;
						ProvisioningStyle = Manual;
					};
					77689EA1203EE993002E0FDB = {
						CreatedOnToolsVersion = 9.2;
						ProvisioningStyle = Manual;
					};
					77689EA9203EE994002E0FDB = {
						CreatedOnToolsVersion = 9.2;
						ProvisioningStyle = Manual;
					};
					77689EFB203EEB10002E0FDB = {
						CreatedOnToolsVersion = 9.2;
						ProvisioningStyle = Manual;
					};
					77F1D5E8201A490400AF499B = {
						CreatedOnToolsVersion = 9.2;
						LastSwiftMigration = 0920;
						ProvisioningStyle = Manual;
					};
					77F1D5F1201A490400AF499B = {
						CreatedOnToolsVersion = 9.2;
						ProvisioningStyle = Manual;
					};
				};
			};
			buildConfigurationList = 77F1D5E3201A490400AF499B /* Build configuration list for PBXProject "Spine" */;
			compatibilityVersion = "Xcode 8.0";
			developmentRegion = en;
			hasScannedForEncodings = 0;
			knownRegions = (
				en,
			);
			mainGroup = 77F1D5DF201A490400AF499B;
			productRefGroup = 77F1D5EA201A490400AF499B /* Products */;
			projectDirPath = "";
			projectRoot = "";
			targets = (
				77F1D5E8201A490400AF499B /* Spine-iOS */,
				77F1D5F1201A490400AF499B /* SpineTests-iOS */,
				77689E52203EE2A3002E0FDB /* Spine-macOS */,
				77689E5A203EE2A3002E0FDB /* Spine-macOSTests */,
				77689EA1203EE993002E0FDB /* Spine-tvOS */,
				77689EA9203EE994002E0FDB /* Spine-tvOSTests */,
				77689EFB203EEB10002E0FDB /* Spine-watchOS */,
			);
		};
/* End PBXProject section */

/* Begin PBXResourcesBuildPhase section */
		77689E51203EE2A3002E0FDB /* Resources */ = {
			isa = PBXResourcesBuildPhase;
			buildActionMask = 2147483647;
			files = (
			);
			runOnlyForDeploymentPostprocessing = 0;
		};
		77689E59203EE2A3002E0FDB /* Resources */ = {
			isa = PBXResourcesBuildPhase;
			buildActionMask = 2147483647;
			files = (
				77689E9B203EE328002E0FDB /* spineboy-pro.json in Resources */,
			);
			runOnlyForDeploymentPostprocessing = 0;
		};
		77689EA0203EE993002E0FDB /* Resources */ = {
			isa = PBXResourcesBuildPhase;
			buildActionMask = 2147483647;
			files = (
			);
			runOnlyForDeploymentPostprocessing = 0;
		};
		77689EA8203EE994002E0FDB /* Resources */ = {
			isa = PBXResourcesBuildPhase;
			buildActionMask = 2147483647;
			files = (
				77689EE9203EE9E9002E0FDB /* spineboy-pro.json in Resources */,
			);
			runOnlyForDeploymentPostprocessing = 0;
		};
		77689EFA203EEB10002E0FDB /* Resources */ = {
			isa = PBXResourcesBuildPhase;
			buildActionMask = 2147483647;
			files = (
			);
			runOnlyForDeploymentPostprocessing = 0;
		};
		77F1D5E7201A490400AF499B /* Resources */ = {
			isa = PBXResourcesBuildPhase;
			buildActionMask = 2147483647;
			files = (
			);
			runOnlyForDeploymentPostprocessing = 0;
		};
		77F1D5F0201A490400AF499B /* Resources */ = {
			isa = PBXResourcesBuildPhase;
			buildActionMask = 2147483647;
			files = (
				7706409E2028F8460031BD32 /* spineboy-pro.json in Resources */,
			);
			runOnlyForDeploymentPostprocessing = 0;
		};
/* End PBXResourcesBuildPhase section */

/* Begin PBXSourcesBuildPhase section */
		77689E4E203EE2A3002E0FDB /* Sources */ = {
			isa = PBXSourcesBuildPhase;
			buildActionMask = 2147483647;
			files = (
				77689E7F203EE2FA002E0FDB /* Skeleton+Points.swift in Sources */,
				77689E7B203EE2FA002E0FDB /* Skeleton+Atlases.swift in Sources */,
				77689E76203EE2E0002E0FDB /* AnimationModels.swift in Sources */,
				77689E7D203EE2FA002E0FDB /* Skeleton+Animations.swift in Sources */,
				77689E6B203EE2C5002E0FDB /* Skeleton.swift in Sources */,
				77689E6D203EE2D2002E0FDB /* Slot.swift in Sources */,
				77689E80203EE2FA002E0FDB /* Skeleton+Defaultable.swift in Sources */,
				77689E7A203EE2EF002E0FDB /* BezierCurveSolver.swift in Sources */,
				77689E71203EE2E0002E0FDB /* SpineModel.swift in Sources */,
				77689E6E203EE2D5002E0FDB /* Skin.swift in Sources */,
				77689E72203EE2E0002E0FDB /* SkeletonModel.swift in Sources */,
				77689E77203EE2EA002E0FDB /* Prefixable.swift in Sources */,
				77689E78203EE2EA002E0FDB /* Defaultable.swift in Sources */,
				77689E82203EE2FA002E0FDB /* SKAction+Spine.swift in Sources */,
				77689E79203EE2EF002E0FDB /* Color.swift in Sources */,
				77689E73203EE2E0002E0FDB /* ConstraintsModels.swift in Sources */,
				77689E81203EE2FA002E0FDB /* CGPath+Spine.swift in Sources */,
				77689E74203EE2E0002E0FDB /* SkinModels.swift in Sources */,
				77689E75203EE2E0002E0FDB /* EventModel.swift in Sources */,
				77689E7E203EE2FA002E0FDB /* Skeleton+Skins.swift in Sources */,
				77689E6C203EE2C8002E0FDB /* Bone.swift in Sources */,
				77689E70203EE2DB002E0FDB /* Animation.swift in Sources */,
				77689E7C203EE2FA002E0FDB /* Skeleton+Physics.swift in Sources */,
				77689E6F203EE2D8002E0FDB /* Attachment.swift in Sources */,
			);
			runOnlyForDeploymentPostprocessing = 0;
		};
		77689E57203EE2A3002E0FDB /* Sources */ = {
			isa = PBXSourcesBuildPhase;
			buildActionMask = 2147483647;
			files = (
				77689E90203EE314002E0FDB /* BoneKeyframeShearModelTests.swift in Sources */,
				77689E8A203EE30E002E0FDB /* EventModelTests.swift in Sources */,
				77689E98203EE31D002E0FDB /* ColorTests.swift in Sources */,
				77689E95203EE314002E0FDB /* DeformKeyframeModelTests.swift in Sources */,
				77689E87203EE30E002E0FDB /* SkeletonModelTests.swift in Sources */,
				77689E88203EE30E002E0FDB /* ConstraintsModelsTests.swift in Sources */,
				77689E91203EE314002E0FDB /* SlotKeyframeAttachmentModelTests.swift in Sources */,
				77689E84203EE307002E0FDB /* SkinTests.swift in Sources */,
				77689E8C203EE30E002E0FDB /* ColorModelTets.swift in Sources */,
				77689E85203EE307002E0FDB /* BoneTests.swift in Sources */,
				77689E8F203EE314002E0FDB /* BoneKeyframeScaleModelTests.swift in Sources */,
				77689E89203EE30E002E0FDB /* SkinModelsTests.swift in Sources */,
				77689E8B203EE30E002E0FDB /* AnimationModelsTests.swift in Sources */,
				77689E8D203EE314002E0FDB /* BoneKeyframeRotateModelTests.swift in Sources */,
				77689E8E203EE314002E0FDB /* BoneKeyframeTranslateModelTests.swift in Sources */,
				77689E94203EE314002E0FDB /* TransformConstraintKeyframeModelTests.swift in Sources */,
				77689E92203EE314002E0FDB /* SlotKeyframeColorModelTests.swift in Sources */,
				77689E96203EE314002E0FDB /* EventKeyfarameModelTests.swift in Sources */,
				77689E9C203EE625002E0FDB /* DrawOrderKeyframeModelTests.swift in Sources */,
				77689E93203EE314002E0FDB /* IKConstraintKeyframeModelTests.swift in Sources */,
				77689E99203EE323002E0FDB /* CGPathExtensionTests.swift in Sources */,
				77689E83203EE307002E0FDB /* AnimationTests.swift in Sources */,
				77689E86203EE30E002E0FDB /* SpineModelTests.swift in Sources */,
				77689E9A203EE323002E0FDB /* Skeleton+PointsTests.swift in Sources */,
			);
			runOnlyForDeploymentPostprocessing = 0;
		};
		77689E9D203EE993002E0FDB /* Sources */ = {
			isa = PBXSourcesBuildPhase;
			buildActionMask = 2147483647;
			files = (
				77689ECD203EE9C8002E0FDB /* Skeleton+Points.swift in Sources */,
				77689EC9203EE9C8002E0FDB /* Skeleton+Atlases.swift in Sources */,
				77689EC4203EE9BD002E0FDB /* AnimationModels.swift in Sources */,
				77689ECB203EE9C8002E0FDB /* Skeleton+Animations.swift in Sources */,
				77689EB9203EE9B9002E0FDB /* Skeleton.swift in Sources */,
				77689EBB203EE9B9002E0FDB /* Slot.swift in Sources */,
				77689ECE203EE9C8002E0FDB /* Skeleton+Defaultable.swift in Sources */,
				77689EC8203EE9C4002E0FDB /* BezierCurveSolver.swift in Sources */,
				77689EBF203EE9BD002E0FDB /* SpineModel.swift in Sources */,
				77689EBC203EE9B9002E0FDB /* Skin.swift in Sources */,
				77689EC0203EE9BD002E0FDB /* SkeletonModel.swift in Sources */,
				77689EC5203EE9C1002E0FDB /* Prefixable.swift in Sources */,
				77689EC6203EE9C1002E0FDB /* Defaultable.swift in Sources */,
				77689ED0203EE9C8002E0FDB /* SKAction+Spine.swift in Sources */,
				77689EC7203EE9C4002E0FDB /* Color.swift in Sources */,
				77689EC1203EE9BD002E0FDB /* ConstraintsModels.swift in Sources */,
				77689ECF203EE9C8002E0FDB /* CGPath+Spine.swift in Sources */,
				77689EC2203EE9BD002E0FDB /* SkinModels.swift in Sources */,
				77689EC3203EE9BD002E0FDB /* EventModel.swift in Sources */,
				77689ECC203EE9C8002E0FDB /* Skeleton+Skins.swift in Sources */,
				77689EBA203EE9B9002E0FDB /* Bone.swift in Sources */,
				77689EBE203EE9B9002E0FDB /* Animation.swift in Sources */,
				77689ECA203EE9C8002E0FDB /* Skeleton+Physics.swift in Sources */,
				77689EBD203EE9B9002E0FDB /* Attachment.swift in Sources */,
			);
			runOnlyForDeploymentPostprocessing = 0;
		};
		77689EA6203EE994002E0FDB /* Sources */ = {
			isa = PBXSourcesBuildPhase;
			buildActionMask = 2147483647;
			files = (
				77689EE5203EE9DD002E0FDB /* DrawOrderKeyframeModelTests.swift in Sources */,
				77689EDE203EE9DD002E0FDB /* BoneKeyframeShearModelTests.swift in Sources */,
				77689ED8203EE9D7002E0FDB /* EventModelTests.swift in Sources */,
				77689EE6203EE9E0002E0FDB /* ColorTests.swift in Sources */,
				77689EE3203EE9DD002E0FDB /* DeformKeyframeModelTests.swift in Sources */,
				77689ED5203EE9D7002E0FDB /* SkeletonModelTests.swift in Sources */,
				77689ED6203EE9D7002E0FDB /* ConstraintsModelsTests.swift in Sources */,
				77689EDF203EE9DD002E0FDB /* SlotKeyframeAttachmentModelTests.swift in Sources */,
				77689ED2203EE9D1002E0FDB /* SkinTests.swift in Sources */,
				77689EDA203EE9D7002E0FDB /* ColorModelTets.swift in Sources */,
				77689ED3203EE9D1002E0FDB /* BoneTests.swift in Sources */,
				77689EDD203EE9DD002E0FDB /* BoneKeyframeScaleModelTests.swift in Sources */,
				77689ED7203EE9D7002E0FDB /* SkinModelsTests.swift in Sources */,
				77689ED9203EE9D7002E0FDB /* AnimationModelsTests.swift in Sources */,
				77689EDB203EE9DD002E0FDB /* BoneKeyframeRotateModelTests.swift in Sources */,
				77689EDC203EE9DD002E0FDB /* BoneKeyframeTranslateModelTests.swift in Sources */,
				77689EE2203EE9DD002E0FDB /* TransformConstraintKeyframeModelTests.swift in Sources */,
				77689EE0203EE9DD002E0FDB /* SlotKeyframeColorModelTests.swift in Sources */,
				77689EE4203EE9DD002E0FDB /* EventKeyfarameModelTests.swift in Sources */,
				77689EE1203EE9DD002E0FDB /* IKConstraintKeyframeModelTests.swift in Sources */,
				77689EE7203EE9E5002E0FDB /* CGPathExtensionTests.swift in Sources */,
				77689ED1203EE9D1002E0FDB /* AnimationTests.swift in Sources */,
				77689ED4203EE9D7002E0FDB /* SpineModelTests.swift in Sources */,
				77689EE8203EE9E5002E0FDB /* Skeleton+PointsTests.swift in Sources */,
			);
			runOnlyForDeploymentPostprocessing = 0;
		};
		77689EF7203EEB10002E0FDB /* Sources */ = {
			isa = PBXSourcesBuildPhase;
			buildActionMask = 2147483647;
			files = (
				77689F18203EEB73002E0FDB /* Skeleton+Points.swift in Sources */,
				77689F14203EEB73002E0FDB /* Skeleton+Atlases.swift in Sources */,
				77689F0F203EEB68002E0FDB /* AnimationModels.swift in Sources */,
				77689F16203EEB73002E0FDB /* Skeleton+Animations.swift in Sources */,
				77689F04203EEB64002E0FDB /* Skeleton.swift in Sources */,
				77689F06203EEB64002E0FDB /* Slot.swift in Sources */,
				77689F19203EEB73002E0FDB /* Skeleton+Defaultable.swift in Sources */,
				77689F13203EEB6F002E0FDB /* BezierCurveSolver.swift in Sources */,
				77689F0A203EEB68002E0FDB /* SpineModel.swift in Sources */,
				77689F07203EEB64002E0FDB /* Skin.swift in Sources */,
				77689F0B203EEB68002E0FDB /* SkeletonModel.swift in Sources */,
				77689F10203EEB6C002E0FDB /* Prefixable.swift in Sources */,
				77689F11203EEB6C002E0FDB /* Defaultable.swift in Sources */,
				77689F1B203EEB73002E0FDB /* SKAction+Spine.swift in Sources */,
				77689F12203EEB6F002E0FDB /* Color.swift in Sources */,
				77689F0C203EEB68002E0FDB /* ConstraintsModels.swift in Sources */,
				77689F1A203EEB73002E0FDB /* CGPath+Spine.swift in Sources */,
				77689F0D203EEB68002E0FDB /* SkinModels.swift in Sources */,
				77689F0E203EEB68002E0FDB /* EventModel.swift in Sources */,
				77689F17203EEB73002E0FDB /* Skeleton+Skins.swift in Sources */,
				77689F05203EEB64002E0FDB /* Bone.swift in Sources */,
				77689F09203EEB64002E0FDB /* Animation.swift in Sources */,
				77689F15203EEB73002E0FDB /* Skeleton+Physics.swift in Sources */,
				77689F08203EEB64002E0FDB /* Attachment.swift in Sources */,
			);
			runOnlyForDeploymentPostprocessing = 0;
		};
		77F1D5E4201A490400AF499B /* Sources */ = {
			isa = PBXSourcesBuildPhase;
			buildActionMask = 2147483647;
			files = (
				77E5A8C7202CED6F00ACDC0D /* Prefixable.swift in Sources */,
				776656E7202BADBB00750189 /* Skin.swift in Sources */,
				775D969420336DCC00137B38 /* BezierCurveSolver.swift in Sources */,
				770D466D203CC6BE0046092C /* SKAction+Spine.swift in Sources */,
				77E6FFB62029C8510078923C /* Bone.swift in Sources */,
				779AC33A201B4A8A00C33B79 /* ConstraintsModels.swift in Sources */,
				779AC344201B4C4D00C33B79 /* AnimationModels.swift in Sources */,
				770D466B203CADC60046092C /* Skeleton+Skins.swift in Sources */,
				77DBA2A9202A1FE400D35306 /* Animation.swift in Sources */,
				776656E3202B9D3A00750189 /* Attachment.swift in Sources */,
				77DBA2A7202A19D900D35306 /* Skeleton.swift in Sources */,
				77E05F3A202B8530003AFD42 /* Slot.swift in Sources */,
				7745035E203CAB4200BED2D9 /* Skeleton+Physics.swift in Sources */,
				77450360203CAC6900BED2D9 /* Skeleton+Animations.swift in Sources */,
				77404ED3201BD8E500E51CF5 /* SpineModel.swift in Sources */,
				779AC340201B4BC200C33B79 /* SkinModels.swift in Sources */,
				7745035C203CAA8C00BED2D9 /* Skeleton+Atlases.swift in Sources */,
				773E8FF62024FE2D009E38BD /* EventModel.swift in Sources */,
				77869DF020386A8D00404AC8 /* CGPath+Spine.swift in Sources */,
				779AC336201B49B900C33B79 /* SkeletonModel.swift in Sources */,
				77F75105203760050065AECE /* Defaultable.swift in Sources */,
				774D0C92203D95A200EC5156 /* Skeleton+Points.swift in Sources */,
				77869DE92037856F00404AC8 /* Color.swift in Sources */,
				774D0C90203CD62900EC5156 /* Skeleton+Defaultable.swift in Sources */,
			);
			runOnlyForDeploymentPostprocessing = 0;
		};
		77F1D5EE201A490400AF499B /* Sources */ = {
			isa = PBXSourcesBuildPhase;
			buildActionMask = 2147483647;
			files = (
				77880A422024BB50004DC555 /* AnimationModelsTests.swift in Sources */,
				7745035A203C76A500BED2D9 /* BoneTests.swift in Sources */,
				773E8FE62024F46A009E38BD /* SlotKeyframeAttachmentModelTests.swift in Sources */,
				779B7141202E4D060031DD4F /* AnimationTests.swift in Sources */,
				773E8FF22024FAD9009E38BD /* EventKeyfarameModelTests.swift in Sources */,
				773E8FF42024FC2A009E38BD /* DrawOrderKeyframeModelTests.swift in Sources */,
				773E8FF02024F9B2009E38BD /* DeformKeyframeModelTests.swift in Sources */,
				773E8FE42024F1F4009E38BD /* BoneKeyframeShearModelTests.swift in Sources */,
				7706409C2028D17F0031BD32 /* EventModelTests.swift in Sources */,
				77E6FFB82029D2110078923C /* ColorModelTets.swift in Sources */,
				770640A02028F86C0031BD32 /* SpineModelTests.swift in Sources */,
				776912F4201F9A2B00DE909F /* ConstraintsModelsTests.swift in Sources */,
				77450358203C745B00BED2D9 /* ColorTests.swift in Sources */,
				774D0C94203DA53400EC5156 /* Skeleton+PointsTests.swift in Sources */,
				77450355203C71AA00BED2D9 /* CGPathExtensionTests.swift in Sources */,
				77E5A8C5202CDFC000ACDC0D /* SkinTests.swift in Sources */,
				7755D4242020F14D005275DA /* SkinModelsTests.swift in Sources */,
				773E8FDE2024ED4B009E38BD /* BoneKeyframeRotateModelTests.swift in Sources */,
				773E8FE02024EDF8009E38BD /* BoneKeyframeTranslateModelTests.swift in Sources */,
				773E8FEE2024F856009E38BD /* TransformConstraintKeyframeModelTests.swift in Sources */,
				779AC346201BC28900C33B79 /* SkeletonModelTests.swift in Sources */,
				773E8FEA2024F707009E38BD /* IKConstraintKeyframeModelTests.swift in Sources */,
				773E8FE22024F04D009E38BD /* BoneKeyframeScaleModelTests.swift in Sources */,
				773E8FE82024F545009E38BD /* SlotKeyframeColorModelTests.swift in Sources */,
			);
			runOnlyForDeploymentPostprocessing = 0;
		};
/* End PBXSourcesBuildPhase section */

/* Begin PBXTargetDependency section */
		77689E5E203EE2A3002E0FDB /* PBXTargetDependency */ = {
			isa = PBXTargetDependency;
			target = 77689E52203EE2A3002E0FDB /* Spine-macOS */;
			targetProxy = 77689E5D203EE2A3002E0FDB /* PBXContainerItemProxy */;
		};
		77689EAD203EE994002E0FDB /* PBXTargetDependency */ = {
			isa = PBXTargetDependency;
			target = 77689EA1203EE993002E0FDB /* Spine-tvOS */;
			targetProxy = 77689EAC203EE994002E0FDB /* PBXContainerItemProxy */;
		};
		77F1D5F5201A490400AF499B /* PBXTargetDependency */ = {
			isa = PBXTargetDependency;
			target = 77F1D5E8201A490400AF499B /* Spine-iOS */;
			targetProxy = 77F1D5F4201A490400AF499B /* PBXContainerItemProxy */;
		};
/* End PBXTargetDependency section */

/* Begin XCBuildConfiguration section */
		77689E65203EE2A3002E0FDB /* Debug */ = {
			isa = XCBuildConfiguration;
			buildSettings = {
				APPLICATION_EXTENSION_API_ONLY = YES;
				CODE_SIGN_IDENTITY = "";
				CODE_SIGN_STYLE = Manual;
				COMBINE_HIDPI_IMAGES = YES;
				DEFINES_MODULE = YES;
				DEVELOPMENT_TEAM = "";
				DYLIB_COMPATIBILITY_VERSION = 1;
				DYLIB_CURRENT_VERSION = 1;
				DYLIB_INSTALL_NAME_BASE = "@rpath";
				FRAMEWORK_VERSION = A;
				INFOPLIST_FILE = "Spine-macOS/Info.plist";
				INSTALL_PATH = "$(LOCAL_LIBRARY_DIR)/Frameworks";
				LD_RUNPATH_SEARCH_PATHS = "$(inherited) @executable_path/../Frameworks @loader_path/Frameworks";
				MACOSX_DEPLOYMENT_TARGET = 10.10;
				PRODUCT_BUNDLE_IDENTIFIER = "pro.maxgribov.Spine-macOS";
				PRODUCT_MODULE_NAME = "$(PRODUCT_NAME:c99extidentifier)";
				PRODUCT_NAME = Spine;
				PROVISIONING_PROFILE_SPECIFIER = "";
				SDKROOT = macosx;
				SKIP_INSTALL = YES;
				SWIFT_VERSION = 4.0;
			};
			name = Debug;
		};
		77689E66203EE2A3002E0FDB /* Release */ = {
			isa = XCBuildConfiguration;
			buildSettings = {
				APPLICATION_EXTENSION_API_ONLY = YES;
				CODE_SIGN_IDENTITY = "";
				CODE_SIGN_STYLE = Manual;
				COMBINE_HIDPI_IMAGES = YES;
				DEFINES_MODULE = YES;
				DEVELOPMENT_TEAM = "";
				DYLIB_COMPATIBILITY_VERSION = 1;
				DYLIB_CURRENT_VERSION = 1;
				DYLIB_INSTALL_NAME_BASE = "@rpath";
				FRAMEWORK_VERSION = A;
				INFOPLIST_FILE = "Spine-macOS/Info.plist";
				INSTALL_PATH = "$(LOCAL_LIBRARY_DIR)/Frameworks";
				LD_RUNPATH_SEARCH_PATHS = "$(inherited) @executable_path/../Frameworks @loader_path/Frameworks";
				MACOSX_DEPLOYMENT_TARGET = 10.10;
				PRODUCT_BUNDLE_IDENTIFIER = "pro.maxgribov.Spine-macOS";
				PRODUCT_MODULE_NAME = "$(PRODUCT_NAME:c99extidentifier)";
				PRODUCT_NAME = Spine;
				PROVISIONING_PROFILE_SPECIFIER = "";
				SDKROOT = macosx;
				SKIP_INSTALL = YES;
				SWIFT_VERSION = 4.0;
			};
			name = Release;
		};
		77689E68203EE2A3002E0FDB /* Debug */ = {
			isa = XCBuildConfiguration;
			buildSettings = {
				ALWAYS_EMBED_SWIFT_STANDARD_LIBRARIES = YES;
				CODE_SIGN_IDENTITY = "";
				CODE_SIGN_STYLE = Manual;
				COMBINE_HIDPI_IMAGES = YES;
				DEVELOPMENT_TEAM = "";
				INFOPLIST_FILE = "Spine-macOSTests/Info.plist";
				LD_RUNPATH_SEARCH_PATHS = "$(inherited) @executable_path/../Frameworks @loader_path/../Frameworks";
				MACOSX_DEPLOYMENT_TARGET = 10.13;
				PRODUCT_BUNDLE_IDENTIFIER = "pro.maxgribov.Spine-macOSTests";
				PRODUCT_NAME = "$(TARGET_NAME)";
				PROVISIONING_PROFILE_SPECIFIER = "";
				SDKROOT = macosx;
				SWIFT_VERSION = 4.0;
			};
			name = Debug;
		};
		77689E69203EE2A3002E0FDB /* Release */ = {
			isa = XCBuildConfiguration;
			buildSettings = {
				ALWAYS_EMBED_SWIFT_STANDARD_LIBRARIES = YES;
				CODE_SIGN_IDENTITY = "";
				CODE_SIGN_STYLE = Manual;
				COMBINE_HIDPI_IMAGES = YES;
				DEVELOPMENT_TEAM = "";
				INFOPLIST_FILE = "Spine-macOSTests/Info.plist";
				LD_RUNPATH_SEARCH_PATHS = "$(inherited) @executable_path/../Frameworks @loader_path/../Frameworks";
				MACOSX_DEPLOYMENT_TARGET = 10.13;
				PRODUCT_BUNDLE_IDENTIFIER = "pro.maxgribov.Spine-macOSTests";
				PRODUCT_NAME = "$(TARGET_NAME)";
				PROVISIONING_PROFILE_SPECIFIER = "";
				SDKROOT = macosx;
				SWIFT_VERSION = 4.0;
			};
			name = Release;
		};
		77689EB4203EE994002E0FDB /* Debug */ = {
			isa = XCBuildConfiguration;
			buildSettings = {
				APPLICATION_EXTENSION_API_ONLY = YES;
				CODE_SIGN_IDENTITY = "";
				CODE_SIGN_STYLE = Manual;
				DEFINES_MODULE = YES;
				DEVELOPMENT_TEAM = "";
				DYLIB_COMPATIBILITY_VERSION = 1;
				DYLIB_CURRENT_VERSION = 1;
				DYLIB_INSTALL_NAME_BASE = "@rpath";
				INFOPLIST_FILE = "Spine-tvOS/Info.plist";
				INSTALL_PATH = "$(LOCAL_LIBRARY_DIR)/Frameworks";
				LD_RUNPATH_SEARCH_PATHS = "$(inherited) @executable_path/Frameworks @loader_path/Frameworks";
				PRODUCT_BUNDLE_IDENTIFIER = "pro.maxgribov.Spine-tvOS";
				PRODUCT_NAME = Spine;
				PROVISIONING_PROFILE_SPECIFIER = "";
				SDKROOT = appletvos;
				SKIP_INSTALL = YES;
				SWIFT_VERSION = 4.0;
				TARGETED_DEVICE_FAMILY = 3;
				TVOS_DEPLOYMENT_TARGET = 9.0;
			};
			name = Debug;
		};
		77689EB5203EE994002E0FDB /* Release */ = {
			isa = XCBuildConfiguration;
			buildSettings = {
				APPLICATION_EXTENSION_API_ONLY = YES;
				CODE_SIGN_IDENTITY = "";
				CODE_SIGN_STYLE = Manual;
				DEFINES_MODULE = YES;
				DEVELOPMENT_TEAM = "";
				DYLIB_COMPATIBILITY_VERSION = 1;
				DYLIB_CURRENT_VERSION = 1;
				DYLIB_INSTALL_NAME_BASE = "@rpath";
				INFOPLIST_FILE = "Spine-tvOS/Info.plist";
				INSTALL_PATH = "$(LOCAL_LIBRARY_DIR)/Frameworks";
				LD_RUNPATH_SEARCH_PATHS = "$(inherited) @executable_path/Frameworks @loader_path/Frameworks";
				PRODUCT_BUNDLE_IDENTIFIER = "pro.maxgribov.Spine-tvOS";
				PRODUCT_NAME = Spine;
				PROVISIONING_PROFILE_SPECIFIER = "";
				SDKROOT = appletvos;
				SKIP_INSTALL = YES;
				SWIFT_VERSION = 4.0;
				TARGETED_DEVICE_FAMILY = 3;
				TVOS_DEPLOYMENT_TARGET = 9.0;
			};
			name = Release;
		};
		77689EB7203EE994002E0FDB /* Debug */ = {
			isa = XCBuildConfiguration;
			buildSettings = {
				ALWAYS_EMBED_SWIFT_STANDARD_LIBRARIES = YES;
				CODE_SIGN_IDENTITY = "";
				CODE_SIGN_STYLE = Manual;
				DEVELOPMENT_TEAM = "";
				INFOPLIST_FILE = "Spine-tvOSTests/Info.plist";
				LD_RUNPATH_SEARCH_PATHS = "$(inherited) @executable_path/Frameworks @loader_path/Frameworks";
				PRODUCT_BUNDLE_IDENTIFIER = "pro.maxgribov.Spine-tvOSTests";
				PRODUCT_NAME = "$(TARGET_NAME)";
				PROVISIONING_PROFILE_SPECIFIER = "";
				SDKROOT = appletvos;
				SWIFT_VERSION = 4.0;
				TARGETED_DEVICE_FAMILY = 3;
				TVOS_DEPLOYMENT_TARGET = 11.2;
			};
			name = Debug;
		};
		77689EB8203EE994002E0FDB /* Release */ = {
			isa = XCBuildConfiguration;
			buildSettings = {
				ALWAYS_EMBED_SWIFT_STANDARD_LIBRARIES = YES;
				CODE_SIGN_IDENTITY = "";
				CODE_SIGN_STYLE = Manual;
				DEVELOPMENT_TEAM = "";
				INFOPLIST_FILE = "Spine-tvOSTests/Info.plist";
				LD_RUNPATH_SEARCH_PATHS = "$(inherited) @executable_path/Frameworks @loader_path/Frameworks";
				PRODUCT_BUNDLE_IDENTIFIER = "pro.maxgribov.Spine-tvOSTests";
				PRODUCT_NAME = "$(TARGET_NAME)";
				PROVISIONING_PROFILE_SPECIFIER = "";
				SDKROOT = appletvos;
				SWIFT_VERSION = 4.0;
				TARGETED_DEVICE_FAMILY = 3;
				TVOS_DEPLOYMENT_TARGET = 11.2;
			};
			name = Release;
		};
		77689F01203EEB10002E0FDB /* Debug */ = {
			isa = XCBuildConfiguration;
			buildSettings = {
				APPLICATION_EXTENSION_API_ONLY = YES;
				CODE_SIGN_IDENTITY = "";
				CODE_SIGN_STYLE = Manual;
				DEFINES_MODULE = YES;
				DEVELOPMENT_TEAM = "";
				DYLIB_COMPATIBILITY_VERSION = 1;
				DYLIB_CURRENT_VERSION = 1;
				DYLIB_INSTALL_NAME_BASE = "@rpath";
				INFOPLIST_FILE = "Spine-watchOS/Info.plist";
				INSTALL_PATH = "$(LOCAL_LIBRARY_DIR)/Frameworks";
				LD_RUNPATH_SEARCH_PATHS = "$(inherited) @executable_path/Frameworks @loader_path/Frameworks";
				PRODUCT_BUNDLE_IDENTIFIER = "pro.maxgribov.Spine-watchOS";
				PRODUCT_NAME = Spine;
				PROVISIONING_PROFILE_SPECIFIER = "";
				SDKROOT = watchos;
				SKIP_INSTALL = YES;
				SWIFT_VERSION = 4.0;
				TARGETED_DEVICE_FAMILY = 4;
				WATCHOS_DEPLOYMENT_TARGET = 3.0;
			};
			name = Debug;
		};
		77689F02203EEB10002E0FDB /* Release */ = {
			isa = XCBuildConfiguration;
			buildSettings = {
				APPLICATION_EXTENSION_API_ONLY = YES;
				CODE_SIGN_IDENTITY = "";
				CODE_SIGN_STYLE = Manual;
				DEFINES_MODULE = YES;
				DEVELOPMENT_TEAM = "";
				DYLIB_COMPATIBILITY_VERSION = 1;
				DYLIB_CURRENT_VERSION = 1;
				DYLIB_INSTALL_NAME_BASE = "@rpath";
				INFOPLIST_FILE = "Spine-watchOS/Info.plist";
				INSTALL_PATH = "$(LOCAL_LIBRARY_DIR)/Frameworks";
				LD_RUNPATH_SEARCH_PATHS = "$(inherited) @executable_path/Frameworks @loader_path/Frameworks";
				PRODUCT_BUNDLE_IDENTIFIER = "pro.maxgribov.Spine-watchOS";
				PRODUCT_NAME = Spine;
				PROVISIONING_PROFILE_SPECIFIER = "";
				SDKROOT = watchos;
				SKIP_INSTALL = YES;
				SWIFT_VERSION = 4.0;
				TARGETED_DEVICE_FAMILY = 4;
				WATCHOS_DEPLOYMENT_TARGET = 3.0;
			};
			name = Release;
		};
		77F1D5FB201A490400AF499B /* Debug */ = {
			isa = XCBuildConfiguration;
			buildSettings = {
				ALWAYS_SEARCH_USER_PATHS = NO;
				CLANG_ANALYZER_NONNULL = YES;
				CLANG_ANALYZER_NUMBER_OBJECT_CONVERSION = YES_AGGRESSIVE;
				CLANG_CXX_LANGUAGE_STANDARD = "gnu++14";
				CLANG_CXX_LIBRARY = "libc++";
				CLANG_ENABLE_MODULES = YES;
				CLANG_ENABLE_OBJC_ARC = YES;
				CLANG_WARN_BLOCK_CAPTURE_AUTORELEASING = YES;
				CLANG_WARN_BOOL_CONVERSION = YES;
				CLANG_WARN_COMMA = YES;
				CLANG_WARN_CONSTANT_CONVERSION = YES;
				CLANG_WARN_DEPRECATED_OBJC_IMPLEMENTATIONS = YES;
				CLANG_WARN_DIRECT_OBJC_ISA_USAGE = YES_ERROR;
				CLANG_WARN_DOCUMENTATION_COMMENTS = YES;
				CLANG_WARN_EMPTY_BODY = YES;
				CLANG_WARN_ENUM_CONVERSION = YES;
				CLANG_WARN_INFINITE_RECURSION = YES;
				CLANG_WARN_INT_CONVERSION = YES;
				CLANG_WARN_NON_LITERAL_NULL_CONVERSION = YES;
				CLANG_WARN_OBJC_IMPLICIT_RETAIN_SELF = YES;
				CLANG_WARN_OBJC_LITERAL_CONVERSION = YES;
				CLANG_WARN_OBJC_ROOT_CLASS = YES_ERROR;
				CLANG_WARN_RANGE_LOOP_ANALYSIS = YES;
				CLANG_WARN_STRICT_PROTOTYPES = YES;
				CLANG_WARN_SUSPICIOUS_MOVE = YES;
				CLANG_WARN_UNGUARDED_AVAILABILITY = YES_AGGRESSIVE;
				CLANG_WARN_UNREACHABLE_CODE = YES;
				CLANG_WARN__DUPLICATE_METHOD_MATCH = YES;
				CODE_SIGN_IDENTITY = "iPhone Developer";
				COPY_PHASE_STRIP = NO;
				CURRENT_PROJECT_VERSION = 1;
				DEBUG_INFORMATION_FORMAT = dwarf;
				ENABLE_STRICT_OBJC_MSGSEND = YES;
				ENABLE_TESTABILITY = YES;
				GCC_C_LANGUAGE_STANDARD = gnu11;
				GCC_DYNAMIC_NO_PIC = NO;
				GCC_NO_COMMON_BLOCKS = YES;
				GCC_OPTIMIZATION_LEVEL = 0;
				GCC_PREPROCESSOR_DEFINITIONS = (
					"DEBUG=1",
					"$(inherited)",
				);
				GCC_WARN_64_TO_32_BIT_CONVERSION = YES;
				GCC_WARN_ABOUT_RETURN_TYPE = YES_ERROR;
				GCC_WARN_UNDECLARED_SELECTOR = YES;
				GCC_WARN_UNINITIALIZED_AUTOS = YES_AGGRESSIVE;
				GCC_WARN_UNUSED_FUNCTION = YES;
				GCC_WARN_UNUSED_VARIABLE = YES;
				IPHONEOS_DEPLOYMENT_TARGET = 11.2;
				MTL_ENABLE_DEBUG_INFO = YES;
				ONLY_ACTIVE_ARCH = YES;
				SDKROOT = iphoneos;
				SWIFT_ACTIVE_COMPILATION_CONDITIONS = DEBUG;
				SWIFT_OPTIMIZATION_LEVEL = "-Onone";
				VERSIONING_SYSTEM = "apple-generic";
				VERSION_INFO_PREFIX = "";
			};
			name = Debug;
		};
		77F1D5FC201A490400AF499B /* Release */ = {
			isa = XCBuildConfiguration;
			buildSettings = {
				ALWAYS_SEARCH_USER_PATHS = NO;
				CLANG_ANALYZER_NONNULL = YES;
				CLANG_ANALYZER_NUMBER_OBJECT_CONVERSION = YES_AGGRESSIVE;
				CLANG_CXX_LANGUAGE_STANDARD = "gnu++14";
				CLANG_CXX_LIBRARY = "libc++";
				CLANG_ENABLE_MODULES = YES;
				CLANG_ENABLE_OBJC_ARC = YES;
				CLANG_WARN_BLOCK_CAPTURE_AUTORELEASING = YES;
				CLANG_WARN_BOOL_CONVERSION = YES;
				CLANG_WARN_COMMA = YES;
				CLANG_WARN_CONSTANT_CONVERSION = YES;
				CLANG_WARN_DEPRECATED_OBJC_IMPLEMENTATIONS = YES;
				CLANG_WARN_DIRECT_OBJC_ISA_USAGE = YES_ERROR;
				CLANG_WARN_DOCUMENTATION_COMMENTS = YES;
				CLANG_WARN_EMPTY_BODY = YES;
				CLANG_WARN_ENUM_CONVERSION = YES;
				CLANG_WARN_INFINITE_RECURSION = YES;
				CLANG_WARN_INT_CONVERSION = YES;
				CLANG_WARN_NON_LITERAL_NULL_CONVERSION = YES;
				CLANG_WARN_OBJC_IMPLICIT_RETAIN_SELF = YES;
				CLANG_WARN_OBJC_LITERAL_CONVERSION = YES;
				CLANG_WARN_OBJC_ROOT_CLASS = YES_ERROR;
				CLANG_WARN_RANGE_LOOP_ANALYSIS = YES;
				CLANG_WARN_STRICT_PROTOTYPES = YES;
				CLANG_WARN_SUSPICIOUS_MOVE = YES;
				CLANG_WARN_UNGUARDED_AVAILABILITY = YES_AGGRESSIVE;
				CLANG_WARN_UNREACHABLE_CODE = YES;
				CLANG_WARN__DUPLICATE_METHOD_MATCH = YES;
				CODE_SIGN_IDENTITY = "iPhone Developer";
				COPY_PHASE_STRIP = NO;
				CURRENT_PROJECT_VERSION = 1;
				DEBUG_INFORMATION_FORMAT = "dwarf-with-dsym";
				ENABLE_NS_ASSERTIONS = NO;
				ENABLE_STRICT_OBJC_MSGSEND = YES;
				GCC_C_LANGUAGE_STANDARD = gnu11;
				GCC_NO_COMMON_BLOCKS = YES;
				GCC_WARN_64_TO_32_BIT_CONVERSION = YES;
				GCC_WARN_ABOUT_RETURN_TYPE = YES_ERROR;
				GCC_WARN_UNDECLARED_SELECTOR = YES;
				GCC_WARN_UNINITIALIZED_AUTOS = YES_AGGRESSIVE;
				GCC_WARN_UNUSED_FUNCTION = YES;
				GCC_WARN_UNUSED_VARIABLE = YES;
				IPHONEOS_DEPLOYMENT_TARGET = 11.2;
				MTL_ENABLE_DEBUG_INFO = NO;
				SDKROOT = iphoneos;
				SWIFT_OPTIMIZATION_LEVEL = "-Owholemodule";
				VALIDATE_PRODUCT = YES;
				VERSIONING_SYSTEM = "apple-generic";
				VERSION_INFO_PREFIX = "";
			};
			name = Release;
		};
		77F1D5FE201A490400AF499B /* Debug */ = {
			isa = XCBuildConfiguration;
			buildSettings = {
				APPLICATION_EXTENSION_API_ONLY = YES;
				CLANG_ENABLE_MODULES = YES;
				CODE_SIGN_IDENTITY = "";
				CODE_SIGN_STYLE = Manual;
				DEFINES_MODULE = YES;
				DEVELOPMENT_TEAM = "";
				DYLIB_COMPATIBILITY_VERSION = 1;
				DYLIB_CURRENT_VERSION = 1;
				DYLIB_INSTALL_NAME_BASE = "@rpath";
				INFOPLIST_FILE = Spine/Info.plist;
				INSTALL_PATH = "$(LOCAL_LIBRARY_DIR)/Frameworks";
				IPHONEOS_DEPLOYMENT_TARGET = 8.0;
				LD_RUNPATH_SEARCH_PATHS = "$(inherited) @executable_path/Frameworks @loader_path/Frameworks";
				PRODUCT_BUNDLE_IDENTIFIER = pro.maxgribov.Spine;
				PRODUCT_MODULE_NAME = "$(PRODUCT_NAME:c99extidentifier)";
				PRODUCT_NAME = Spine;
				PROVISIONING_PROFILE_SPECIFIER = "";
				SKIP_INSTALL = YES;
				SWIFT_OPTIMIZATION_LEVEL = "-Onone";
				SWIFT_VERSION = 4.0;
				TARGETED_DEVICE_FAMILY = "1,2";
			};
			name = Debug;
		};
		77F1D5FF201A490400AF499B /* Release */ = {
			isa = XCBuildConfiguration;
			buildSettings = {
				APPLICATION_EXTENSION_API_ONLY = YES;
				CLANG_ENABLE_MODULES = YES;
				CODE_SIGN_IDENTITY = "";
				CODE_SIGN_STYLE = Manual;
				DEFINES_MODULE = YES;
				DEVELOPMENT_TEAM = "";
				DYLIB_COMPATIBILITY_VERSION = 1;
				DYLIB_CURRENT_VERSION = 1;
				DYLIB_INSTALL_NAME_BASE = "@rpath";
				INFOPLIST_FILE = Spine/Info.plist;
				INSTALL_PATH = "$(LOCAL_LIBRARY_DIR)/Frameworks";
				IPHONEOS_DEPLOYMENT_TARGET = 8.0;
				LD_RUNPATH_SEARCH_PATHS = "$(inherited) @executable_path/Frameworks @loader_path/Frameworks";
				PRODUCT_BUNDLE_IDENTIFIER = pro.maxgribov.Spine;
				PRODUCT_MODULE_NAME = "$(PRODUCT_NAME:c99extidentifier)";
				PRODUCT_NAME = Spine;
				PROVISIONING_PROFILE_SPECIFIER = "";
				SKIP_INSTALL = YES;
				SWIFT_VERSION = 4.0;
				TARGETED_DEVICE_FAMILY = "1,2";
			};
			name = Release;
		};
		77F1D601201A490400AF499B /* Debug */ = {
			isa = XCBuildConfiguration;
			buildSettings = {
				ALWAYS_EMBED_SWIFT_STANDARD_LIBRARIES = YES;
				CODE_SIGN_IDENTITY = "";
				CODE_SIGN_STYLE = Manual;
				DEVELOPMENT_TEAM = "";
				INFOPLIST_FILE = SpineTests/Info.plist;
				LD_RUNPATH_SEARCH_PATHS = "$(inherited) @executable_path/Frameworks @loader_path/Frameworks";
				PRODUCT_BUNDLE_IDENTIFIER = pro.maxgribov.SpineTests;
				PRODUCT_NAME = "$(TARGET_NAME)";
				PROVISIONING_PROFILE_SPECIFIER = "";
				SWIFT_VERSION = 4.0;
				TARGETED_DEVICE_FAMILY = "1,2";
			};
			name = Debug;
		};
		77F1D602201A490400AF499B /* Release */ = {
			isa = XCBuildConfiguration;
			buildSettings = {
				ALWAYS_EMBED_SWIFT_STANDARD_LIBRARIES = YES;
				CODE_SIGN_IDENTITY = "";
				CODE_SIGN_STYLE = Manual;
				DEVELOPMENT_TEAM = "";
				INFOPLIST_FILE = SpineTests/Info.plist;
				LD_RUNPATH_SEARCH_PATHS = "$(inherited) @executable_path/Frameworks @loader_path/Frameworks";
				PRODUCT_BUNDLE_IDENTIFIER = pro.maxgribov.SpineTests;
				PRODUCT_NAME = "$(TARGET_NAME)";
				PROVISIONING_PROFILE_SPECIFIER = "";
				SWIFT_VERSION = 4.0;
				TARGETED_DEVICE_FAMILY = "1,2";
			};
			name = Release;
		};
/* End XCBuildConfiguration section */

/* Begin XCConfigurationList section */
		77689E64203EE2A3002E0FDB /* Build configuration list for PBXNativeTarget "Spine-macOS" */ = {
			isa = XCConfigurationList;
			buildConfigurations = (
				77689E65203EE2A3002E0FDB /* Debug */,
				77689E66203EE2A3002E0FDB /* Release */,
			);
			defaultConfigurationIsVisible = 0;
			defaultConfigurationName = Release;
		};
		77689E67203EE2A3002E0FDB /* Build configuration list for PBXNativeTarget "Spine-macOSTests" */ = {
			isa = XCConfigurationList;
			buildConfigurations = (
				77689E68203EE2A3002E0FDB /* Debug */,
				77689E69203EE2A3002E0FDB /* Release */,
			);
			defaultConfigurationIsVisible = 0;
			defaultConfigurationName = Release;
		};
		77689EB3203EE994002E0FDB /* Build configuration list for PBXNativeTarget "Spine-tvOS" */ = {
			isa = XCConfigurationList;
			buildConfigurations = (
				77689EB4203EE994002E0FDB /* Debug */,
				77689EB5203EE994002E0FDB /* Release */,
			);
			defaultConfigurationIsVisible = 0;
			defaultConfigurationName = Release;
		};
		77689EB6203EE994002E0FDB /* Build configuration list for PBXNativeTarget "Spine-tvOSTests" */ = {
			isa = XCConfigurationList;
			buildConfigurations = (
				77689EB7203EE994002E0FDB /* Debug */,
				77689EB8203EE994002E0FDB /* Release */,
			);
			defaultConfigurationIsVisible = 0;
			defaultConfigurationName = Release;
		};
		77689F03203EEB10002E0FDB /* Build configuration list for PBXNativeTarget "Spine-watchOS" */ = {
			isa = XCConfigurationList;
			buildConfigurations = (
				77689F01203EEB10002E0FDB /* Debug */,
				77689F02203EEB10002E0FDB /* Release */,
			);
			defaultConfigurationIsVisible = 0;
			defaultConfigurationName = Release;
		};
		77F1D5E3201A490400AF499B /* Build configuration list for PBXProject "Spine" */ = {
			isa = XCConfigurationList;
			buildConfigurations = (
				77F1D5FB201A490400AF499B /* Debug */,
				77F1D5FC201A490400AF499B /* Release */,
			);
			defaultConfigurationIsVisible = 0;
			defaultConfigurationName = Release;
		};
		77F1D5FD201A490400AF499B /* Build configuration list for PBXNativeTarget "Spine-iOS" */ = {
			isa = XCConfigurationList;
			buildConfigurations = (
				77F1D5FE201A490400AF499B /* Debug */,
				77F1D5FF201A490400AF499B /* Release */,
			);
			defaultConfigurationIsVisible = 0;
			defaultConfigurationName = Release;
		};
		77F1D600201A490400AF499B /* Build configuration list for PBXNativeTarget "SpineTests-iOS" */ = {
			isa = XCConfigurationList;
			buildConfigurations = (
				77F1D601201A490400AF499B /* Debug */,
				77F1D602201A490400AF499B /* Release */,
			);
			defaultConfigurationIsVisible = 0;
			defaultConfigurationName = Release;
		};
/* End XCConfigurationList section */
	};
	rootObject = 77F1D5E0201A490400AF499B /* Project object */;
}
