// !$*UTF8*$!
{
	archiveVersion = 1;
	classes = {
	};
	objectVersion = 48;
	objects = {

/* Begin PBXBuildFile section */
		773E8FDE2024ED4B009E38BD /* BoneKeyframeRotateModelTests.swift in Sources */ = {isa = PBXBuildFile; fileRef = 773E8FDD2024ED4B009E38BD /* BoneKeyframeRotateModelTests.swift */; };
		773E8FE02024EDF8009E38BD /* BoneKeyframeTranslateModelTests.swift in Sources */ = {isa = PBXBuildFile; fileRef = 773E8FDF2024EDF8009E38BD /* BoneKeyframeTranslateModelTests.swift */; };
		773E8FE22024F04D009E38BD /* BoneKeyframeScaleModelTests.swift in Sources */ = {isa = PBXBuildFile; fileRef = 773E8FE12024F04D009E38BD /* BoneKeyframeScaleModelTests.swift */; };
		773E8FE42024F1F4009E38BD /* BoneKeyframeShearModelTests.swift in Sources */ = {isa = PBXBuildFile; fileRef = 773E8FE32024F1F4009E38BD /* BoneKeyframeShearModelTests.swift */; };
		773E8FE62024F46A009E38BD /* SlotKeyframeAttachmentModelTests.swift in Sources */ = {isa = PBXBuildFile; fileRef = 773E8FE52024F46A009E38BD /* SlotKeyframeAttachmentModelTests.swift */; };
		773E8FE82024F545009E38BD /* SlotKeyframeColorModelTests.swift in Sources */ = {isa = PBXBuildFile; fileRef = 773E8FE72024F545009E38BD /* SlotKeyframeColorModelTests.swift */; };
		773E8FEA2024F707009E38BD /* IKConstraintKeyframeModelTests.swift in Sources */ = {isa = PBXBuildFile; fileRef = 773E8FE92024F707009E38BD /* IKConstraintKeyframeModelTests.swift */; };
		773E8FEE2024F856009E38BD /* TransformConstraintKeyframeModelTests.swift in Sources */ = {isa = PBXBuildFile; fileRef = 773E8FED2024F856009E38BD /* TransformConstraintKeyframeModelTests.swift */; };
		773E8FF02024F9B2009E38BD /* DeformKeyframeModelTests.swift in Sources */ = {isa = PBXBuildFile; fileRef = 773E8FEF2024F9B2009E38BD /* DeformKeyframeModelTests.swift */; };
		773E8FF22024FAD9009E38BD /* EventKeyfarameModelTests.swift in Sources */ = {isa = PBXBuildFile; fileRef = 773E8FF12024FAD8009E38BD /* EventKeyfarameModelTests.swift */; };
		773E8FF42024FC2A009E38BD /* DrawOrderKeyframeModelTests.swift in Sources */ = {isa = PBXBuildFile; fileRef = 773E8FF32024FC2A009E38BD /* DrawOrderKeyframeModelTests.swift */; };
		773E8FF62024FE2D009E38BD /* EventModel.swift in Sources */ = {isa = PBXBuildFile; fileRef = 773E8FF52024FE2D009E38BD /* EventModel.swift */; };
		77404ED3201BD8E500E51CF5 /* SpineModel.swift in Sources */ = {isa = PBXBuildFile; fileRef = 77404ED2201BD8E500E51CF5 /* SpineModel.swift */; };
		7755D4242020F14D005275DA /* SkinModelsTests.swift in Sources */ = {isa = PBXBuildFile; fileRef = 7755D4232020F14D005275DA /* SkinModelsTests.swift */; };
		776912F4201F9A2B00DE909F /* ConstraintsModelsTests.swift in Sources */ = {isa = PBXBuildFile; fileRef = 776912F3201F9A2B00DE909F /* ConstraintsModelsTests.swift */; };
		77880A422024BB50004DC555 /* AnimationModelsTests.swift in Sources */ = {isa = PBXBuildFile; fileRef = 77880A412024BB50004DC555 /* AnimationModelsTests.swift */; };
		779AC336201B49B900C33B79 /* SkeletonModel.swift in Sources */ = {isa = PBXBuildFile; fileRef = 779AC335201B49B900C33B79 /* SkeletonModel.swift */; };
		779AC33A201B4A8A00C33B79 /* ConstraintsModels.swift in Sources */ = {isa = PBXBuildFile; fileRef = 779AC339201B4A8A00C33B79 /* ConstraintsModels.swift */; };
		779AC340201B4BC200C33B79 /* SkinModels.swift in Sources */ = {isa = PBXBuildFile; fileRef = 779AC33F201B4BC200C33B79 /* SkinModels.swift */; };
		779AC344201B4C4D00C33B79 /* AnimationModels.swift in Sources */ = {isa = PBXBuildFile; fileRef = 779AC343201B4C4D00C33B79 /* AnimationModels.swift */; };
		779AC346201BC28900C33B79 /* SkeletonModelTests.swift in Sources */ = {isa = PBXBuildFile; fileRef = 779AC345201BC28900C33B79 /* SkeletonModelTests.swift */; };
		77F1D5F3201A490400AF499B /* Spine.framework in Frameworks */ = {isa = PBXBuildFile; fileRef = 77F1D5E9201A490400AF499B /* Spine.framework */; };
		77F1D5FA201A490400AF499B /* Spine.h in Headers */ = {isa = PBXBuildFile; fileRef = 77F1D5EC201A490400AF499B /* Spine.h */; settings = {ATTRIBUTES = (Public, ); }; };
/* End PBXBuildFile section */

/* Begin PBXContainerItemProxy section */
		77F1D5F4201A490400AF499B /* PBXContainerItemProxy */ = {
			isa = PBXContainerItemProxy;
			containerPortal = 77F1D5E0201A490400AF499B /* Project object */;
			proxyType = 1;
			remoteGlobalIDString = 77F1D5E8201A490400AF499B;
			remoteInfo = Spine;
		};
/* End PBXContainerItemProxy section */

/* Begin PBXFileReference section */
		773E8FDD2024ED4B009E38BD /* BoneKeyframeRotateModelTests.swift */ = {isa = PBXFileReference; lastKnownFileType = sourcecode.swift; path = BoneKeyframeRotateModelTests.swift; sourceTree = "<group>"; };
		773E8FDF2024EDF8009E38BD /* BoneKeyframeTranslateModelTests.swift */ = {isa = PBXFileReference; lastKnownFileType = sourcecode.swift; path = BoneKeyframeTranslateModelTests.swift; sourceTree = "<group>"; };
		773E8FE12024F04D009E38BD /* BoneKeyframeScaleModelTests.swift */ = {isa = PBXFileReference; lastKnownFileType = sourcecode.swift; path = BoneKeyframeScaleModelTests.swift; sourceTree = "<group>"; };
		773E8FE32024F1F4009E38BD /* BoneKeyframeShearModelTests.swift */ = {isa = PBXFileReference; lastKnownFileType = sourcecode.swift; path = BoneKeyframeShearModelTests.swift; sourceTree = "<group>"; };
		773E8FE52024F46A009E38BD /* SlotKeyframeAttachmentModelTests.swift */ = {isa = PBXFileReference; lastKnownFileType = sourcecode.swift; path = SlotKeyframeAttachmentModelTests.swift; sourceTree = "<group>"; };
		773E8FE72024F545009E38BD /* SlotKeyframeColorModelTests.swift */ = {isa = PBXFileReference; lastKnownFileType = sourcecode.swift; path = SlotKeyframeColorModelTests.swift; sourceTree = "<group>"; };
		773E8FE92024F707009E38BD /* IKConstraintKeyframeModelTests.swift */ = {isa = PBXFileReference; lastKnownFileType = sourcecode.swift; path = IKConstraintKeyframeModelTests.swift; sourceTree = "<group>"; };
		773E8FED2024F856009E38BD /* TransformConstraintKeyframeModelTests.swift */ = {isa = PBXFileReference; lastKnownFileType = sourcecode.swift; path = TransformConstraintKeyframeModelTests.swift; sourceTree = "<group>"; };
		773E8FEF2024F9B2009E38BD /* DeformKeyframeModelTests.swift */ = {isa = PBXFileReference; lastKnownFileType = sourcecode.swift; path = DeformKeyframeModelTests.swift; sourceTree = "<group>"; };
		773E8FF12024FAD8009E38BD /* EventKeyfarameModelTests.swift */ = {isa = PBXFileReference; lastKnownFileType = sourcecode.swift; path = EventKeyfarameModelTests.swift; sourceTree = "<group>"; };
		773E8FF32024FC2A009E38BD /* DrawOrderKeyframeModelTests.swift */ = {isa = PBXFileReference; lastKnownFileType = sourcecode.swift; path = DrawOrderKeyframeModelTests.swift; sourceTree = "<group>"; };
		773E8FF52024FE2D009E38BD /* EventModel.swift */ = {isa = PBXFileReference; lastKnownFileType = sourcecode.swift; path = EventModel.swift; sourceTree = "<group>"; };
		77404ED2201BD8E500E51CF5 /* SpineModel.swift */ = {isa = PBXFileReference; lastKnownFileType = sourcecode.swift; path = SpineModel.swift; sourceTree = "<group>"; };
		7755D4232020F14D005275DA /* SkinModelsTests.swift */ = {isa = PBXFileReference; lastKnownFileType = sourcecode.swift; path = SkinModelsTests.swift; sourceTree = "<group>"; };
		776912F3201F9A2B00DE909F /* ConstraintsModelsTests.swift */ = {isa = PBXFileReference; lastKnownFileType = sourcecode.swift; path = ConstraintsModelsTests.swift; sourceTree = "<group>"; };
		77880A412024BB50004DC555 /* AnimationModelsTests.swift */ = {isa = PBXFileReference; lastKnownFileType = sourcecode.swift; path = AnimationModelsTests.swift; sourceTree = "<group>"; };
		779AC335201B49B900C33B79 /* SkeletonModel.swift */ = {isa = PBXFileReference; lastKnownFileType = sourcecode.swift; path = SkeletonModel.swift; sourceTree = "<group>"; };
		779AC339201B4A8A00C33B79 /* ConstraintsModels.swift */ = {isa = PBXFileReference; lastKnownFileType = sourcecode.swift; path = ConstraintsModels.swift; sourceTree = "<group>"; };
		779AC33F201B4BC200C33B79 /* SkinModels.swift */ = {isa = PBXFileReference; lastKnownFileType = sourcecode.swift; path = SkinModels.swift; sourceTree = "<group>"; };
		779AC343201B4C4D00C33B79 /* AnimationModels.swift */ = {isa = PBXFileReference; lastKnownFileType = sourcecode.swift; path = AnimationModels.swift; sourceTree = "<group>"; };
		779AC345201BC28900C33B79 /* SkeletonModelTests.swift */ = {isa = PBXFileReference; lastKnownFileType = sourcecode.swift; path = SkeletonModelTests.swift; sourceTree = "<group>"; };
		77F1D5E9201A490400AF499B /* Spine.framework */ = {isa = PBXFileReference; explicitFileType = wrapper.framework; includeInIndex = 0; path = Spine.framework; sourceTree = BUILT_PRODUCTS_DIR; };
		77F1D5EC201A490400AF499B /* Spine.h */ = {isa = PBXFileReference; lastKnownFileType = sourcecode.c.h; path = Spine.h; sourceTree = "<group>"; };
		77F1D5ED201A490400AF499B /* Info.plist */ = {isa = PBXFileReference; lastKnownFileType = text.plist.xml; path = Info.plist; sourceTree = "<group>"; };
		77F1D5F2201A490400AF499B /* SpineTests.xctest */ = {isa = PBXFileReference; explicitFileType = wrapper.cfbundle; includeInIndex = 0; path = SpineTests.xctest; sourceTree = BUILT_PRODUCTS_DIR; };
		77F1D5F9201A490400AF499B /* Info.plist */ = {isa = PBXFileReference; lastKnownFileType = text.plist.xml; path = Info.plist; sourceTree = "<group>"; };
/* End PBXFileReference section */

/* Begin PBXFrameworksBuildPhase section */
		77F1D5E5201A490400AF499B /* Frameworks */ = {
			isa = PBXFrameworksBuildPhase;
			buildActionMask = 2147483647;
			files = (
			);
			runOnlyForDeploymentPostprocessing = 0;
		};
		77F1D5EF201A490400AF499B /* Frameworks */ = {
			isa = PBXFrameworksBuildPhase;
			buildActionMask = 2147483647;
			files = (
				77F1D5F3201A490400AF499B /* Spine.framework in Frameworks */,
			);
			runOnlyForDeploymentPostprocessing = 0;
		};
/* End PBXFrameworksBuildPhase section */

/* Begin PBXGroup section */
		773E8FDC2024ED2E009E38BD /* AnimationKeyframesModelsTests */ = {
			isa = PBXGroup;
			children = (
				773E8FDD2024ED4B009E38BD /* BoneKeyframeRotateModelTests.swift */,
				773E8FDF2024EDF8009E38BD /* BoneKeyframeTranslateModelTests.swift */,
				773E8FE12024F04D009E38BD /* BoneKeyframeScaleModelTests.swift */,
				773E8FE32024F1F4009E38BD /* BoneKeyframeShearModelTests.swift */,
				773E8FE52024F46A009E38BD /* SlotKeyframeAttachmentModelTests.swift */,
				773E8FE72024F545009E38BD /* SlotKeyframeColorModelTests.swift */,
				773E8FE92024F707009E38BD /* IKConstraintKeyframeModelTests.swift */,
				773E8FED2024F856009E38BD /* TransformConstraintKeyframeModelTests.swift */,
				773E8FEF2024F9B2009E38BD /* DeformKeyframeModelTests.swift */,
				773E8FF12024FAD8009E38BD /* EventKeyfarameModelTests.swift */,
				773E8FF32024FC2A009E38BD /* DrawOrderKeyframeModelTests.swift */,
			);
			path = AnimationKeyframesModelsTests;
			sourceTree = "<group>";
		};
		779AC334201B499C00C33B79 /* Model */ = {
			isa = PBXGroup;
			children = (
				77404ED2201BD8E500E51CF5 /* SpineModel.swift */,
				779AC335201B49B900C33B79 /* SkeletonModel.swift */,
				779AC339201B4A8A00C33B79 /* ConstraintsModels.swift */,
				779AC33F201B4BC200C33B79 /* SkinModels.swift */,
				773E8FF52024FE2D009E38BD /* EventModel.swift */,
				779AC343201B4C4D00C33B79 /* AnimationModels.swift */,
			);
			path = Model;
			sourceTree = "<group>";
		};
		77F1D5DF201A490400AF499B = {
			isa = PBXGroup;
			children = (
				77F1D5EB201A490400AF499B /* Spine */,
				77F1D5F6201A490400AF499B /* SpineTests */,
				77F1D5EA201A490400AF499B /* Products */,
			);
			sourceTree = "<group>";
		};
		77F1D5EA201A490400AF499B /* Products */ = {
			isa = PBXGroup;
			children = (
				77F1D5E9201A490400AF499B /* Spine.framework */,
				77F1D5F2201A490400AF499B /* SpineTests.xctest */,
			);
			name = Products;
			sourceTree = "<group>";
		};
		77F1D5EB201A490400AF499B /* Spine */ = {
			isa = PBXGroup;
			children = (
				77F1D5EC201A490400AF499B /* Spine.h */,
				779AC334201B499C00C33B79 /* Model */,
				77F1D5ED201A490400AF499B /* Info.plist */,
			);
			path = Spine;
			sourceTree = "<group>";
		};
		77F1D5F6201A490400AF499B /* SpineTests */ = {
			isa = PBXGroup;
			children = (
				779AC345201BC28900C33B79 /* SkeletonModelTests.swift */,
				776912F3201F9A2B00DE909F /* ConstraintsModelsTests.swift */,
				7755D4232020F14D005275DA /* SkinModelsTests.swift */,
				77880A412024BB50004DC555 /* AnimationModelsTests.swift */,
				773E8FDC2024ED2E009E38BD /* AnimationKeyframesModelsTests */,
				77F1D5F9201A490400AF499B /* Info.plist */,
			);
			path = SpineTests;
			sourceTree = "<group>";
		};
/* End PBXGroup section */

/* Begin PBXHeadersBuildPhase section */
		77F1D5E6201A490400AF499B /* Headers */ = {
			isa = PBXHeadersBuildPhase;
			buildActionMask = 2147483647;
			files = (
				77F1D5FA201A490400AF499B /* Spine.h in Headers */,
			);
			runOnlyForDeploymentPostprocessing = 0;
		};
/* End PBXHeadersBuildPhase section */

/* Begin PBXNativeTarget section */
		77F1D5E8201A490400AF499B /* Spine */ = {
			isa = PBXNativeTarget;
			buildConfigurationList = 77F1D5FD201A490400AF499B /* Build configuration list for PBXNativeTarget "Spine" */;
			buildPhases = (
				77F1D5E4201A490400AF499B /* Sources */,
				77F1D5E5201A490400AF499B /* Frameworks */,
				77F1D5E6201A490400AF499B /* Headers */,
				77F1D5E7201A490400AF499B /* Resources */,
			);
			buildRules = (
			);
			dependencies = (
			);
			name = Spine;
			productName = Spine;
			productReference = 77F1D5E9201A490400AF499B /* Spine.framework */;
			productType = "com.apple.product-type.framework";
		};
		77F1D5F1201A490400AF499B /* SpineTests */ = {
			isa = PBXNativeTarget;
			buildConfigurationList = 77F1D600201A490400AF499B /* Build configuration list for PBXNativeTarget "SpineTests" */;
			buildPhases = (
				77F1D5EE201A490400AF499B /* Sources */,
				77F1D5EF201A490400AF499B /* Frameworks */,
				77F1D5F0201A490400AF499B /* Resources */,
			);
			buildRules = (
			);
			dependencies = (
				77F1D5F5201A490400AF499B /* PBXTargetDependency */,
			);
			name = SpineTests;
			productName = SpineTests;
			productReference = 77F1D5F2201A490400AF499B /* SpineTests.xctest */;
			productType = "com.apple.product-type.bundle.unit-test";
		};
/* End PBXNativeTarget section */

/* Begin PBXProject section */
		77F1D5E0201A490400AF499B /* Project object */ = {
			isa = PBXProject;
			attributes = {
				LastSwiftUpdateCheck = 0920;
				LastUpgradeCheck = 0920;
				ORGANIZATIONNAME = "Max Gribov";
				TargetAttributes = {
					77F1D5E8201A490400AF499B = {
						CreatedOnToolsVersion = 9.2;
						LastSwiftMigration = 0920;
						ProvisioningStyle = Automatic;
					};
					77F1D5F1201A490400AF499B = {
						CreatedOnToolsVersion = 9.2;
						ProvisioningStyle = Automatic;
					};
				};
			};
			buildConfigurationList = 77F1D5E3201A490400AF499B /* Build configuration list for PBXProject "Spine" */;
			compatibilityVersion = "Xcode 8.0";
			developmentRegion = en;
			hasScannedForEncodings = 0;
			knownRegions = (
				en,
			);
			mainGroup = 77F1D5DF201A490400AF499B;
			productRefGroup = 77F1D5EA201A490400AF499B /* Products */;
			projectDirPath = "";
			projectRoot = "";
			targets = (
				77F1D5E8201A490400AF499B /* Spine */,
				77F1D5F1201A490400AF499B /* SpineTests */,
			);
		};
/* End PBXProject section */

/* Begin PBXResourcesBuildPhase section */
		77F1D5E7201A490400AF499B /* Resources */ = {
			isa = PBXResourcesBuildPhase;
			buildActionMask = 2147483647;
			files = (
			);
			runOnlyForDeploymentPostprocessing = 0;
		};
		77F1D5F0201A490400AF499B /* Resources */ = {
			isa = PBXResourcesBuildPhase;
			buildActionMask = 2147483647;
			files = (
			);
			runOnlyForDeploymentPostprocessing = 0;
		};
/* End PBXResourcesBuildPhase section */

/* Begin PBXSourcesBuildPhase section */
		77F1D5E4201A490400AF499B /* Sources */ = {
			isa = PBXSourcesBuildPhase;
			buildActionMask = 2147483647;
			files = (
				779AC33A201B4A8A00C33B79 /* ConstraintsModels.swift in Sources */,
				779AC344201B4C4D00C33B79 /* AnimationModels.swift in Sources */,
				77404ED3201BD8E500E51CF5 /* SpineModel.swift in Sources */,
				779AC340201B4BC200C33B79 /* SkinModels.swift in Sources */,
				773E8FF62024FE2D009E38BD /* EventModel.swift in Sources */,
				779AC336201B49B900C33B79 /* SkeletonModel.swift in Sources */,
			);
			runOnlyForDeploymentPostprocessing = 0;
		};
		77F1D5EE201A490400AF499B /* Sources */ = {
			isa = PBXSourcesBuildPhase;
			buildActionMask = 2147483647;
			files = (
				77880A422024BB50004DC555 /* AnimationModelsTests.swift in Sources */,
				773E8FE62024F46A009E38BD /* SlotKeyframeAttachmentModelTests.swift in Sources */,
				773E8FF22024FAD9009E38BD /* EventKeyfarameModelTests.swift in Sources */,
				773E8FF42024FC2A009E38BD /* DrawOrderKeyframeModelTests.swift in Sources */,
				773E8FF02024F9B2009E38BD /* DeformKeyframeModelTests.swift in Sources */,
				773E8FE42024F1F4009E38BD /* BoneKeyframeShearModelTests.swift in Sources */,
				776912F4201F9A2B00DE909F /* ConstraintsModelsTests.swift in Sources */,
				7755D4242020F14D005275DA /* SkinModelsTests.swift in Sources */,
				773E8FDE2024ED4B009E38BD /* BoneKeyframeRotateModelTests.swift in Sources */,
				773E8FE02024EDF8009E38BD /* BoneKeyframeTranslateModelTests.swift in Sources */,
				773E8FEE2024F856009E38BD /* TransformConstraintKeyframeModelTests.swift in Sources */,
				779AC346201BC28900C33B79 /* SkeletonModelTests.swift in Sources */,
				773E8FEA2024F707009E38BD /* IKConstraintKeyframeModelTests.swift in Sources */,
				773E8FE22024F04D009E38BD /* BoneKeyframeScaleModelTests.swift in Sources */,
				773E8FE82024F545009E38BD /* SlotKeyframeColorModelTests.swift in Sources */,
			);
			runOnlyForDeploymentPostprocessing = 0;
		};
/* End PBXSourcesBuildPhase section */

/* Begin PBXTargetDependency section */
		77F1D5F5201A490400AF499B /* PBXTargetDependency */ = {
			isa = PBXTargetDependency;
			target = 77F1D5E8201A490400AF499B /* Spine */;
			targetProxy = 77F1D5F4201A490400AF499B /* PBXContainerItemProxy */;
		};
/* End PBXTargetDependency section */

/* Begin XCBuildConfiguration section */
		77F1D5FB201A490400AF499B /* Debug */ = {
			isa = XCBuildConfiguration;
			buildSettings = {
				ALWAYS_SEARCH_USER_PATHS = NO;
				CLANG_ANALYZER_NONNULL = YES;
				CLANG_ANALYZER_NUMBER_OBJECT_CONVERSION = YES_AGGRESSIVE;
				CLANG_CXX_LANGUAGE_STANDARD = "gnu++14";
				CLANG_CXX_LIBRARY = "libc++";
				CLANG_ENABLE_MODULES = YES;
				CLANG_ENABLE_OBJC_ARC = YES;
				CLANG_WARN_BLOCK_CAPTURE_AUTORELEASING = YES;
				CLANG_WARN_BOOL_CONVERSION = YES;
				CLANG_WARN_COMMA = YES;
				CLANG_WARN_CONSTANT_CONVERSION = YES;
				CLANG_WARN_DIRECT_OBJC_ISA_USAGE = YES_ERROR;
				CLANG_WARN_DOCUMENTATION_COMMENTS = YES;
				CLANG_WARN_EMPTY_BODY = YES;
				CLANG_WARN_ENUM_CONVERSION = YES;
				CLANG_WARN_INFINITE_RECURSION = YES;
				CLANG_WARN_INT_CONVERSION = YES;
				CLANG_WARN_NON_LITERAL_NULL_CONVERSION = YES;
				CLANG_WARN_OBJC_LITERAL_CONVERSION = YES;
				CLANG_WARN_OBJC_ROOT_CLASS = YES_ERROR;
				CLANG_WARN_RANGE_LOOP_ANALYSIS = YES;
				CLANG_WARN_STRICT_PROTOTYPES = YES;
				CLANG_WARN_SUSPICIOUS_MOVE = YES;
				CLANG_WARN_UNGUARDED_AVAILABILITY = YES_AGGRESSIVE;
				CLANG_WARN_UNREACHABLE_CODE = YES;
				CLANG_WARN__DUPLICATE_METHOD_MATCH = YES;
				CODE_SIGN_IDENTITY = "iPhone Developer";
				COPY_PHASE_STRIP = NO;
				CURRENT_PROJECT_VERSION = 1;
				DEBUG_INFORMATION_FORMAT = dwarf;
				ENABLE_STRICT_OBJC_MSGSEND = YES;
				ENABLE_TESTABILITY = YES;
				GCC_C_LANGUAGE_STANDARD = gnu11;
				GCC_DYNAMIC_NO_PIC = NO;
				GCC_NO_COMMON_BLOCKS = YES;
				GCC_OPTIMIZATION_LEVEL = 0;
				GCC_PREPROCESSOR_DEFINITIONS = (
					"DEBUG=1",
					"$(inherited)",
				);
				GCC_WARN_64_TO_32_BIT_CONVERSION = YES;
				GCC_WARN_ABOUT_RETURN_TYPE = YES_ERROR;
				GCC_WARN_UNDECLARED_SELECTOR = YES;
				GCC_WARN_UNINITIALIZED_AUTOS = YES_AGGRESSIVE;
				GCC_WARN_UNUSED_FUNCTION = YES;
				GCC_WARN_UNUSED_VARIABLE = YES;
				IPHONEOS_DEPLOYMENT_TARGET = 11.2;
				MTL_ENABLE_DEBUG_INFO = YES;
				ONLY_ACTIVE_ARCH = YES;
				SDKROOT = iphoneos;
				SWIFT_ACTIVE_COMPILATION_CONDITIONS = DEBUG;
				SWIFT_OPTIMIZATION_LEVEL = "-Onone";
				VERSIONING_SYSTEM = "apple-generic";
				VERSION_INFO_PREFIX = "";
			};
			name = Debug;
		};
		77F1D5FC201A490400AF499B /* Release */ = {
			isa = XCBuildConfiguration;
			buildSettings = {
				ALWAYS_SEARCH_USER_PATHS = NO;
				CLANG_ANALYZER_NONNULL = YES;
				CLANG_ANALYZER_NUMBER_OBJECT_CONVERSION = YES_AGGRESSIVE;
				CLANG_CXX_LANGUAGE_STANDARD = "gnu++14";
				CLANG_CXX_LIBRARY = "libc++";
				CLANG_ENABLE_MODULES = YES;
				CLANG_ENABLE_OBJC_ARC = YES;
				CLANG_WARN_BLOCK_CAPTURE_AUTORELEASING = YES;
				CLANG_WARN_BOOL_CONVERSION = YES;
				CLANG_WARN_COMMA = YES;
				CLANG_WARN_CONSTANT_CONVERSION = YES;
				CLANG_WARN_DIRECT_OBJC_ISA_USAGE = YES_ERROR;
				CLANG_WARN_DOCUMENTATION_COMMENTS = YES;
				CLANG_WARN_EMPTY_BODY = YES;
				CLANG_WARN_ENUM_CONVERSION = YES;
				CLANG_WARN_INFINITE_RECURSION = YES;
				CLANG_WARN_INT_CONVERSION = YES;
				CLANG_WARN_NON_LITERAL_NULL_CONVERSION = YES;
				CLANG_WARN_OBJC_LITERAL_CONVERSION = YES;
				CLANG_WARN_OBJC_ROOT_CLASS = YES_ERROR;
				CLANG_WARN_RANGE_LOOP_ANALYSIS = YES;
				CLANG_WARN_STRICT_PROTOTYPES = YES;
				CLANG_WARN_SUSPICIOUS_MOVE = YES;
				CLANG_WARN_UNGUARDED_AVAILABILITY = YES_AGGRESSIVE;
				CLANG_WARN_UNREACHABLE_CODE = YES;
				CLANG_WARN__DUPLICATE_METHOD_MATCH = YES;
				CODE_SIGN_IDENTITY = "iPhone Developer";
				COPY_PHASE_STRIP = NO;
				CURRENT_PROJECT_VERSION = 1;
				DEBUG_INFORMATION_FORMAT = "dwarf-with-dsym";
				ENABLE_NS_ASSERTIONS = NO;
				ENABLE_STRICT_OBJC_MSGSEND = YES;
				GCC_C_LANGUAGE_STANDARD = gnu11;
				GCC_NO_COMMON_BLOCKS = YES;
				GCC_WARN_64_TO_32_BIT_CONVERSION = YES;
				GCC_WARN_ABOUT_RETURN_TYPE = YES_ERROR;
				GCC_WARN_UNDECLARED_SELECTOR = YES;
				GCC_WARN_UNINITIALIZED_AUTOS = YES_AGGRESSIVE;
				GCC_WARN_UNUSED_FUNCTION = YES;
				GCC_WARN_UNUSED_VARIABLE = YES;
				IPHONEOS_DEPLOYMENT_TARGET = 11.2;
				MTL_ENABLE_DEBUG_INFO = NO;
				SDKROOT = iphoneos;
				SWIFT_OPTIMIZATION_LEVEL = "-Owholemodule";
				VALIDATE_PRODUCT = YES;
				VERSIONING_SYSTEM = "apple-generic";
				VERSION_INFO_PREFIX = "";
			};
			name = Release;
		};
		77F1D5FE201A490400AF499B /* Debug */ = {
			isa = XCBuildConfiguration;
			buildSettings = {
				CLANG_ENABLE_MODULES = YES;
				CODE_SIGN_IDENTITY = "";
				CODE_SIGN_STYLE = Automatic;
				DEFINES_MODULE = YES;
				DEVELOPMENT_TEAM = 29E66XW7ZX;
				DYLIB_COMPATIBILITY_VERSION = 1;
				DYLIB_CURRENT_VERSION = 1;
				DYLIB_INSTALL_NAME_BASE = "@rpath";
				INFOPLIST_FILE = Spine/Info.plist;
				INSTALL_PATH = "$(LOCAL_LIBRARY_DIR)/Frameworks";
				LD_RUNPATH_SEARCH_PATHS = "$(inherited) @executable_path/Frameworks @loader_path/Frameworks";
				PRODUCT_BUNDLE_IDENTIFIER = pro.maxgribov.Spine;
				PRODUCT_NAME = "$(TARGET_NAME:c99extidentifier)";
				SKIP_INSTALL = YES;
				SWIFT_OPTIMIZATION_LEVEL = "-Onone";
				SWIFT_VERSION = 4.0;
				TARGETED_DEVICE_FAMILY = "1,2";
			};
			name = Debug;
		};
		77F1D5FF201A490400AF499B /* Release */ = {
			isa = XCBuildConfiguration;
			buildSettings = {
				CLANG_ENABLE_MODULES = YES;
				CODE_SIGN_IDENTITY = "";
				CODE_SIGN_STYLE = Automatic;
				DEFINES_MODULE = YES;
				DEVELOPMENT_TEAM = 29E66XW7ZX;
				DYLIB_COMPATIBILITY_VERSION = 1;
				DYLIB_CURRENT_VERSION = 1;
				DYLIB_INSTALL_NAME_BASE = "@rpath";
				INFOPLIST_FILE = Spine/Info.plist;
				INSTALL_PATH = "$(LOCAL_LIBRARY_DIR)/Frameworks";
				LD_RUNPATH_SEARCH_PATHS = "$(inherited) @executable_path/Frameworks @loader_path/Frameworks";
				PRODUCT_BUNDLE_IDENTIFIER = pro.maxgribov.Spine;
				PRODUCT_NAME = "$(TARGET_NAME:c99extidentifier)";
				SKIP_INSTALL = YES;
				SWIFT_VERSION = 4.0;
				TARGETED_DEVICE_FAMILY = "1,2";
			};
			name = Release;
		};
		77F1D601201A490400AF499B /* Debug */ = {
			isa = XCBuildConfiguration;
			buildSettings = {
				ALWAYS_EMBED_SWIFT_STANDARD_LIBRARIES = YES;
				CODE_SIGN_STYLE = Automatic;
				DEVELOPMENT_TEAM = 29E66XW7ZX;
				INFOPLIST_FILE = SpineTests/Info.plist;
				LD_RUNPATH_SEARCH_PATHS = "$(inherited) @executable_path/Frameworks @loader_path/Frameworks";
				PRODUCT_BUNDLE_IDENTIFIER = pro.maxgribov.SpineTests;
				PRODUCT_NAME = "$(TARGET_NAME)";
				SWIFT_VERSION = 4.0;
				TARGETED_DEVICE_FAMILY = "1,2";
			};
			name = Debug;
		};
		77F1D602201A490400AF499B /* Release */ = {
			isa = XCBuildConfiguration;
			buildSettings = {
				ALWAYS_EMBED_SWIFT_STANDARD_LIBRARIES = YES;
				CODE_SIGN_STYLE = Automatic;
				DEVELOPMENT_TEAM = 29E66XW7ZX;
				INFOPLIST_FILE = SpineTests/Info.plist;
				LD_RUNPATH_SEARCH_PATHS = "$(inherited) @executable_path/Frameworks @loader_path/Frameworks";
				PRODUCT_BUNDLE_IDENTIFIER = pro.maxgribov.SpineTests;
				PRODUCT_NAME = "$(TARGET_NAME)";
				SWIFT_VERSION = 4.0;
				TARGETED_DEVICE_FAMILY = "1,2";
			};
			name = Release;
		};
/* End XCBuildConfiguration section */

/* Begin XCConfigurationList section */
		77F1D5E3201A490400AF499B /* Build configuration list for PBXProject "Spine" */ = {
			isa = XCConfigurationList;
			buildConfigurations = (
				77F1D5FB201A490400AF499B /* Debug */,
				77F1D5FC201A490400AF499B /* Release */,
			);
			defaultConfigurationIsVisible = 0;
			defaultConfigurationName = Release;
		};
		77F1D5FD201A490400AF499B /* Build configuration list for PBXNativeTarget "Spine" */ = {
			isa = XCConfigurationList;
			buildConfigurations = (
				77F1D5FE201A490400AF499B /* Debug */,
				77F1D5FF201A490400AF499B /* Release */,
			);
			defaultConfigurationIsVisible = 0;
			defaultConfigurationName = Release;
		};
		77F1D600201A490400AF499B /* Build configuration list for PBXNativeTarget "SpineTests" */ = {
			isa = XCConfigurationList;
			buildConfigurations = (
				77F1D601201A490400AF499B /* Debug */,
				77F1D602201A490400AF499B /* Release */,
			);
			defaultConfigurationIsVisible = 0;
			defaultConfigurationName = Release;
		};
/* End XCConfigurationList section */
	};
	rootObject = 77F1D5E0201A490400AF499B /* Project object */;
}
